// !$*UTF8*$!
{
	archiveVersion = 1;
	classes = {
	};
	objectVersion = 46;
	objects = {

/* Begin PBXBuildFile section */
		2DFF30C4011313ABDC50DA2D /* Pods_FlaintartistTests.framework in Frameworks */ = {isa = PBXBuildFile; fileRef = 24443F8858A14D648040863F /* Pods_FlaintartistTests.framework */; };
		6D08A5151E405A69000468FA /* EditArtDetails.swift in Sources */ = {isa = PBXBuildFile; fileRef = 6D08A5141E405A69000468FA /* EditArtDetails.swift */; };
		6D08A5171E40F26D000468FA /* EditArtDetails.xib in Resources */ = {isa = PBXBuildFile; fileRef = 6D08A5161E40F26D000468FA /* EditArtDetails.xib */; };
		6D0DBDFE1E36F92F00163299 /* Time.swift in Sources */ = {isa = PBXBuildFile; fileRef = 6D0DBDFD1E36F92F00163299 /* Time.swift */; };
		6D0E62301E9044AB007327A8 /* ShadowImage.swift in Sources */ = {isa = PBXBuildFile; fileRef = 6D0E622F1E9044AB007327A8 /* ShadowImage.swift */; };
		6D0E62321E981A5C007327A8 /* CaptureViewExt.swift in Sources */ = {isa = PBXBuildFile; fileRef = 6D0E62311E981A5C007327A8 /* CaptureViewExt.swift */; };
		6D1C78081E19E46600E2041C /* SettingsCell.swift in Sources */ = {isa = PBXBuildFile; fileRef = 6D1C78071E19E46600E2041C /* SettingsCell.swift */; };
		6D1C780B1E19E49C00E2041C /* NewsCell.swift in Sources */ = {isa = PBXBuildFile; fileRef = 6D1C780A1E19E49C00E2041C /* NewsCell.swift */; };
		6D1C78151E19E54A00E2041C /* AllCell.swift in Sources */ = {isa = PBXBuildFile; fileRef = 6D1C78141E19E54A00E2041C /* AllCell.swift */; };
		6D1C781F1E19E66800E2041C /* ParentView.swift in Sources */ = {isa = PBXBuildFile; fileRef = 6D1C781E1E19E66800E2041C /* ParentView.swift */; };
		6D1C78211E19E69E00E2041C /* ValidateEmailExt.swift in Sources */ = {isa = PBXBuildFile; fileRef = 6D1C78201E19E69E00E2041C /* ValidateEmailExt.swift */; };
		6D1C78231E19E6CF00E2041C /* SettingsVC.swift in Sources */ = {isa = PBXBuildFile; fileRef = 6D1C78221E19E6CF00E2041C /* SettingsVC.swift */; };
		6D1C78251E19E70F00E2041C /* EditAccountVC.swift in Sources */ = {isa = PBXBuildFile; fileRef = 6D1C78241E19E70F00E2041C /* EditAccountVC.swift */; };
		6D1C78271E19E73B00E2041C /* FeedbackVC.swift in Sources */ = {isa = PBXBuildFile; fileRef = 6D1C78261E19E73B00E2041C /* FeedbackVC.swift */; };
		6D1C782B1E19E7F900E2041C /* NewsVC.swift in Sources */ = {isa = PBXBuildFile; fileRef = 6D1C782A1E19E7F900E2041C /* NewsVC.swift */; };
		6D1C782E1E19E83B00E2041C /* Size.xib in Resources */ = {isa = PBXBuildFile; fileRef = 6D1C782D1E19E83B00E2041C /* Size.xib */; };
		6D1C78301E19E86C00E2041C /* Types.xib in Resources */ = {isa = PBXBuildFile; fileRef = 6D1C782F1E19E86C00E2041C /* Types.xib */; };
		6D1C78321E19E88200E2041C /* Details.xib in Resources */ = {isa = PBXBuildFile; fileRef = 6D1C78311E19E88200E2041C /* Details.xib */; };
		6D1C78341E19E8B500E2041C /* HeaderView.swift in Sources */ = {isa = PBXBuildFile; fileRef = 6D1C78331E19E8B500E2041C /* HeaderView.swift */; };
		6D1C78361E19E8D200E2041C /* HeaderView.xib in Resources */ = {isa = PBXBuildFile; fileRef = 6D1C78351E19E8D200E2041C /* HeaderView.xib */; };
		6D1C78381E19E90900E2041C /* AllVC.swift in Sources */ = {isa = PBXBuildFile; fileRef = 6D1C78371E19E90900E2041C /* AllVC.swift */; };
		6D1C783A1E19EAE700E2041C /* LogInVC.swift in Sources */ = {isa = PBXBuildFile; fileRef = 6D1C78391E19EAE700E2041C /* LogInVC.swift */; };
		6D1C783C1E19EB1000E2041C /* ResetPasswordVC.swift in Sources */ = {isa = PBXBuildFile; fileRef = 6D1C783B1E19EB1000E2041C /* ResetPasswordVC.swift */; };
		6D1C783E1E19EC0900E2041C /* TextFieldRect.swift in Sources */ = {isa = PBXBuildFile; fileRef = 6D1C783D1E19EC0900E2041C /* TextFieldRect.swift */; };
		6D1C78401E19EC8C00E2041C /* GoogleService-Info.plist in Resources */ = {isa = PBXBuildFile; fileRef = 6D1C783F1E19EC8C00E2041C /* GoogleService-Info.plist */; };
		6D1C78421E19ED6300E2041C /* CreateAccountFirstVC.swift in Sources */ = {isa = PBXBuildFile; fileRef = 6D1C78411E19ED6300E2041C /* CreateAccountFirstVC.swift */; };
		6D1C78441E19EDAA00E2041C /* CreateAccountSecondVC.swift in Sources */ = {isa = PBXBuildFile; fileRef = 6D1C78431E19EDAA00E2041C /* CreateAccountSecondVC.swift */; };
		6D1C78481E19EEEA00E2041C /* TabBarVC.swift in Sources */ = {isa = PBXBuildFile; fileRef = 6D1C78471E19EEEA00E2041C /* TabBarVC.swift */; };
		6D1C784B1E1A041600E2041C /* SendToCaptureVC.swift in Sources */ = {isa = PBXBuildFile; fileRef = 6D1C784A1E1A041600E2041C /* SendToCaptureVC.swift */; };
		6D1C784D1E1A047800E2041C /* CaptureVC.swift in Sources */ = {isa = PBXBuildFile; fileRef = 6D1C784C1E1A047800E2041C /* CaptureVC.swift */; };
		6D1C784F1E1A04BC00E2041C /* CaptureDetailsVC.swift in Sources */ = {isa = PBXBuildFile; fileRef = 6D1C784E1E1A04BC00E2041C /* CaptureDetailsVC.swift */; };
		6D1E05631E3BCE64007CCC5C /* EditProfileCell.swift in Sources */ = {isa = PBXBuildFile; fileRef = 6D1E05621E3BCE64007CCC5C /* EditProfileCell.swift */; };
		6D1E05651E3BCECB007CCC5C /* NewArtistTabCell.swift in Sources */ = {isa = PBXBuildFile; fileRef = 6D1E05641E3BCECB007CCC5C /* NewArtistTabCell.swift */; };
		6D1E05671E3BCEEA007CCC5C /* NewArtistCell.swift in Sources */ = {isa = PBXBuildFile; fileRef = 6D1E05661E3BCEEA007CCC5C /* NewArtistCell.swift */; };
		6D28D5A01E327C9C000E30A5 /* UploadPhotoVC.swift in Sources */ = {isa = PBXBuildFile; fileRef = 6D28D59F1E327C9C000E30A5 /* UploadPhotoVC.swift */; };
		6D28D5A21E327DB6000E30A5 /* UploadPhotoCell.swift in Sources */ = {isa = PBXBuildFile; fileRef = 6D28D5A11E327DB6000E30A5 /* UploadPhotoCell.swift */; };
		6D33DEB41E1F2C7300CC4618 /* ReportVC.swift in Sources */ = {isa = PBXBuildFile; fileRef = 6D33DEB31E1F2C7300CC4618 /* ReportVC.swift */; };
		6D4461C21E2DC21F003EE5BA /* SizeView.swift in Sources */ = {isa = PBXBuildFile; fileRef = 6D4461C11E2DC21F003EE5BA /* SizeView.swift */; };
		6D4461C91E302333003EE5BA /* SimilarCell.xib in Resources */ = {isa = PBXBuildFile; fileRef = 6D4461C81E302333003EE5BA /* SimilarCell.xib */; };
		6D4461CB1E30266E003EE5BA /* SimilarCell.swift in Sources */ = {isa = PBXBuildFile; fileRef = 6D4461CA1E30266E003EE5BA /* SimilarCell.swift */; };
		6D4461CD1E30305F003EE5BA /* SimilarScene.swift in Sources */ = {isa = PBXBuildFile; fileRef = 6D4461CC1E30305F003EE5BA /* SimilarScene.swift */; };
		6D4609B01E1F505F00FC75C3 /* MGMessage.m in Sources */ = {isa = PBXBuildFile; fileRef = 6D4609AE1E1F505F00FC75C3 /* MGMessage.m */; };
		6D4609B21E1F5FAC00FC75C3 /* ReportNav.swift in Sources */ = {isa = PBXBuildFile; fileRef = 6D4609B11E1F5FAC00FC75C3 /* ReportNav.swift */; };
		6D46303F1E318DC800EEB3D8 /* RoundImage.swift in Sources */ = {isa = PBXBuildFile; fileRef = 6D46303E1E318DC800EEB3D8 /* RoundImage.swift */; };
		6D4DE4AB1E29C39700AFAAAA /* EditArtVC.swift in Sources */ = {isa = PBXBuildFile; fileRef = 6D4DE4AA1E29C39700AFAAAA /* EditArtVC.swift */; };
		6D4E473A1E24075A00970CE3 /* Mailgun.m in Sources */ = {isa = PBXBuildFile; fileRef = 6D4E47391E24075A00970CE3 /* Mailgun.m */; };
		6D6CC4881E84A8B800CC18F5 /* SimilarView.xib in Resources */ = {isa = PBXBuildFile; fileRef = 6D6CC4871E84A8B800CC18F5 /* SimilarView.xib */; };
		6D6CC48A1E84A95A00CC18F5 /* SimilarView.swift in Sources */ = {isa = PBXBuildFile; fileRef = 6D6CC4891E84A95A00CC18F5 /* SimilarView.swift */; };
		6D8633D01E8DD34B0025F626 /* CreateAccountVC.swift in Sources */ = {isa = PBXBuildFile; fileRef = 6D8633CF1E8DD34B0025F626 /* CreateAccountVC.swift */; };
		6D8F01441E269E9800651664 /* ProfileArtCell.swift in Sources */ = {isa = PBXBuildFile; fileRef = 6D8F01431E269E9800651664 /* ProfileArtCell.swift */; };
		6D8F01461E26A5D100651664 /* ProfileArtTabCell.swift in Sources */ = {isa = PBXBuildFile; fileRef = 6D8F01451E26A5D100651664 /* ProfileArtTabCell.swift */; };
		6D9C8C451E3A9ACB00824C93 /* Unused.swift in Sources */ = {isa = PBXBuildFile; fileRef = 6D9C8C441E3A9ACB00824C93 /* Unused.swift */; };
		6D9C8C921E3AF46A00824C93 /* AuthService.swift in Sources */ = {isa = PBXBuildFile; fileRef = 6D9C8C911E3AF46A00824C93 /* AuthService.swift */; };
		6D9EA40D1E19DC7B0080D182 /* SwipeView.m in Sources */ = {isa = PBXBuildFile; fileRef = 6D9EA40C1E19DC7B0080D182 /* SwipeView.m */; };
		6D9EA4171E19DCEC0080D182 /* IPDFCameraViewController.m in Sources */ = {isa = PBXBuildFile; fileRef = 6D9EA4161E19DCEC0080D182 /* IPDFCameraViewController.m */; };
		6D9EA41C1E19DDB00080D182 /* ArtRoomVC.swift in Sources */ = {isa = PBXBuildFile; fileRef = 6D9EA41B1E19DDB00080D182 /* ArtRoomVC.swift */; };
		6D9EA41F1E19DE2D0080D182 /* ArtRoomScene.swift in Sources */ = {isa = PBXBuildFile; fileRef = 6D9EA41E1E19DE2D0080D182 /* ArtRoomScene.swift */; };
		6D9EA4211E19DE540080D182 /* WallViewScene.swift in Sources */ = {isa = PBXBuildFile; fileRef = 6D9EA4201E19DE540080D182 /* WallViewScene.swift */; };
		6D9EA4231E19DE780080D182 /* DetailsScene.swift in Sources */ = {isa = PBXBuildFile; fileRef = 6D9EA4221E19DE780080D182 /* DetailsScene.swift */; };
		6D9EA4251E19DF150080D182 /* WallViewVC.swift in Sources */ = {isa = PBXBuildFile; fileRef = 6D9EA4241E19DF150080D182 /* WallViewVC.swift */; };
		6D9EA4271E19DF850080D182 /* GalleryVC.swift in Sources */ = {isa = PBXBuildFile; fileRef = 6D9EA4261E19DF850080D182 /* GalleryVC.swift */; };
		6D9EA4291E19DFE90080D182 /* ProfileVC.swift in Sources */ = {isa = PBXBuildFile; fileRef = 6D9EA4281E19DFE90080D182 /* ProfileVC.swift */; };
		6D9EA42B1E19E0490080D182 /* BorderImage.swift in Sources */ = {isa = PBXBuildFile; fileRef = 6D9EA42A1E19E0490080D182 /* BorderImage.swift */; };
		6D9EA42D1E19E1230080D182 /* RoundedBtn.swift in Sources */ = {isa = PBXBuildFile; fileRef = 6D9EA42C1E19E1230080D182 /* RoundedBtn.swift */; };
		6D9EA42F1E19E13E0080D182 /* BorderTopBtn.swift in Sources */ = {isa = PBXBuildFile; fileRef = 6D9EA42E1E19E13E0080D182 /* BorderTopBtn.swift */; };
		6DA5B1B51E2865BB005A11F5 /* RequestPhotoVC.swift in Sources */ = {isa = PBXBuildFile; fileRef = 6DA5B1B41E2865BB005A11F5 /* RequestPhotoVC.swift */; };
		6DA7BC131E6DFDCA00DE61FB /* GeoFire.m in Sources */ = {isa = PBXBuildFile; fileRef = 6DA7BC091E6DFDCA00DE61FB /* GeoFire.m */; };
		6DA7BC141E6DFDCA00DE61FB /* GFBase32Utils.m in Sources */ = {isa = PBXBuildFile; fileRef = 6DA7BC0C1E6DFDCA00DE61FB /* GFBase32Utils.m */; };
		6DA7BC151E6DFDCA00DE61FB /* GFGeoHash.m in Sources */ = {isa = PBXBuildFile; fileRef = 6DA7BC0E1E6DFDCA00DE61FB /* GFGeoHash.m */; };
		6DA7BC161E6DFDCA00DE61FB /* GFGeoHashQuery.m in Sources */ = {isa = PBXBuildFile; fileRef = 6DA7BC101E6DFDCA00DE61FB /* GFGeoHashQuery.m */; };
		6DA7BC171E6DFDCA00DE61FB /* GFQuery.m in Sources */ = {isa = PBXBuildFile; fileRef = 6DA7BC111E6DFDCA00DE61FB /* GFQuery.m */; };
		6DA7BC201E6F91E300DE61FB /* CAPSPageMenu.swift in Sources */ = {isa = PBXBuildFile; fileRef = 6DA7BC1F1E6F91E300DE61FB /* CAPSPageMenu.swift */; };
		6DA7BC321E6F975300DE61FB /* HeaderCollectionReusableView.swift in Sources */ = {isa = PBXBuildFile; fileRef = 6DA7BC311E6F975300DE61FB /* HeaderCollectionReusableView.swift */; };
		6DA7BC351E6F97A400DE61FB /* SearchArtsVC.swift in Sources */ = {isa = PBXBuildFile; fileRef = 6DA7BC341E6F97A400DE61FB /* SearchArtsVC.swift */; };
		6DA7BC371E6F97AE00DE61FB /* PageMenuVC.swift in Sources */ = {isa = PBXBuildFile; fileRef = 6DA7BC361E6F97AE00DE61FB /* PageMenuVC.swift */; };
		6DA7BC391E6F97D000DE61FB /* SearchArtistsVC.swift in Sources */ = {isa = PBXBuildFile; fileRef = 6DA7BC381E6F97D000DE61FB /* SearchArtistsVC.swift */; };
		6DA7BC3B1E6F98A500DE61FB /* SearchArtsCell.swift in Sources */ = {isa = PBXBuildFile; fileRef = 6DA7BC3A1E6F98A500DE61FB /* SearchArtsCell.swift */; };
		6DA7BC3D1E709CA500DE61FB /* HistoryVC.swift in Sources */ = {isa = PBXBuildFile; fileRef = 6DA7BC3C1E709CA500DE61FB /* HistoryVC.swift */; };
		6DA7BC3F1E709CF100DE61FB /* HistoryCell.swift in Sources */ = {isa = PBXBuildFile; fileRef = 6DA7BC3E1E709CF100DE61FB /* HistoryCell.swift */; };
		6DB44A261E1F79010025BF1A /* PrivacyVC.swift in Sources */ = {isa = PBXBuildFile; fileRef = 6DB44A251E1F79010025BF1A /* PrivacyVC.swift */; };
		6DB5F9741E4E5C2300A66459 /* Other.swift in Sources */ = {isa = PBXBuildFile; fileRef = 6DB5F9731E4E5C2300A66459 /* Other.swift */; };
		6DC81C161E2AA4AA0021BBCF /* SearchControllerVC.swift in Sources */ = {isa = PBXBuildFile; fileRef = 6DC81C151E2AA4AA0021BBCF /* SearchControllerVC.swift */; };
		6DC81C1B1E2ABE390021BBCF /* SearchCell.swift in Sources */ = {isa = PBXBuildFile; fileRef = 6DC81C1A1E2ABE390021BBCF /* SearchCell.swift */; };
		6DC81C1D1E2B04EF0021BBCF /* Protocol.swift in Sources */ = {isa = PBXBuildFile; fileRef = 6DC81C1C1E2B04EF0021BBCF /* Protocol.swift */; };
		6DC81C1F1E2B21510021BBCF /* SearchNav.swift in Sources */ = {isa = PBXBuildFile; fileRef = 6DC81C1E1E2B21510021BBCF /* SearchNav.swift */; };
		6DC81C211E2BB86C0021BBCF /* ArtView.xib in Resources */ = {isa = PBXBuildFile; fileRef = 6DC81C201E2BB86C0021BBCF /* ArtView.xib */; };
		6DC81C231E2BB9F70021BBCF /* ArtViewCell.xib in Resources */ = {isa = PBXBuildFile; fileRef = 6DC81C221E2BB9F70021BBCF /* ArtViewCell.xib */; };
		6DC81C251E2BC4860021BBCF /* ArtistView.xib in Resources */ = {isa = PBXBuildFile; fileRef = 6DC81C241E2BC4860021BBCF /* ArtistView.xib */; };
		6DC81C271E2BCF1D0021BBCF /* ArtistViewCell.xib in Resources */ = {isa = PBXBuildFile; fileRef = 6DC81C261E2BCF1D0021BBCF /* ArtistViewCell.xib */; };
		6DC81C2B1E2BD0FE0021BBCF /* ArtViewCell.swift in Sources */ = {isa = PBXBuildFile; fileRef = 6DC81C2A1E2BD0FE0021BBCF /* ArtViewCell.swift */; };
		6DC81C2D1E2BD2F70021BBCF /* ArtistViewCell.swift in Sources */ = {isa = PBXBuildFile; fileRef = 6DC81C2C1E2BD2F70021BBCF /* ArtistViewCell.swift */; };
		6DE213811E21E1860030A7BC /* WebVC.swift in Sources */ = {isa = PBXBuildFile; fileRef = 6DE213801E21E1860030A7BC /* WebVC.swift */; };
		6DF28D8D1E196DC200C8A3B0 /* AppDelegate.swift in Sources */ = {isa = PBXBuildFile; fileRef = 6DF28D8C1E196DC200C8A3B0 /* AppDelegate.swift */; };
		6DF28D921E196DC300C8A3B0 /* Main.storyboard in Resources */ = {isa = PBXBuildFile; fileRef = 6DF28D901E196DC300C8A3B0 /* Main.storyboard */; };
		6DF28D941E196DC300C8A3B0 /* Assets.xcassets in Resources */ = {isa = PBXBuildFile; fileRef = 6DF28D931E196DC300C8A3B0 /* Assets.xcassets */; };
		6DF28D971E196DC300C8A3B0 /* LaunchScreen.storyboard in Resources */ = {isa = PBXBuildFile; fileRef = 6DF28D951E196DC300C8A3B0 /* LaunchScreen.storyboard */; };
		6DF28DA21E196DC300C8A3B0 /* FlaintartistTests.swift in Sources */ = {isa = PBXBuildFile; fileRef = 6DF28DA11E196DC300C8A3B0 /* FlaintartistTests.swift */; };
		6DF28DAD1E196DC300C8A3B0 /* FlaintartistUITests.swift in Sources */ = {isa = PBXBuildFile; fileRef = 6DF28DAC1E196DC300C8A3B0 /* FlaintartistUITests.swift */; };
		6DF28DBE1E199AC900C8A3B0 /* Constant.swift in Sources */ = {isa = PBXBuildFile; fileRef = 6DF28DBD1E199AC900C8A3B0 /* Constant.swift */; };
		6DF28DC11E199B8000C8A3B0 /* Camera.swift in Sources */ = {isa = PBXBuildFile; fileRef = 6DF28DC01E199B8000C8A3B0 /* Camera.swift */; };
		6DF28DC31E199BB100C8A3B0 /* Share.swift in Sources */ = {isa = PBXBuildFile; fileRef = 6DF28DC21E199BB100C8A3B0 /* Share.swift */; };
		6DF28DC51E199BF900C8A3B0 /* Alerts.swift in Sources */ = {isa = PBXBuildFile; fileRef = 6DF28DC41E199BF900C8A3B0 /* Alerts.swift */; };
		6DF28DC81E199C6400C8A3B0 /* DataService.swift in Sources */ = {isa = PBXBuildFile; fileRef = 6DF28DC71E199C6400C8A3B0 /* DataService.swift */; };
		6DF28DCB1E199D3300C8A3B0 /* Art.swift in Sources */ = {isa = PBXBuildFile; fileRef = 6DF28DCA1E199D3300C8A3B0 /* Art.swift */; };
		6DF28DCD1E199D4F00C8A3B0 /* User.swift in Sources */ = {isa = PBXBuildFile; fileRef = 6DF28DCC1E199D4F00C8A3B0 /* User.swift */; };
		93B88644237F5B3480AF868F /* Pods_Flaintartist.framework in Frameworks */ = {isa = PBXBuildFile; fileRef = 62D73A7833A90BAFFD1E9D0D /* Pods_Flaintartist.framework */; };
		D0CF0457EA55D1EC14422CF6 /* Pods_FlaintartistUITests.framework in Frameworks */ = {isa = PBXBuildFile; fileRef = 1C7E5CA513FB08F5371E78CF /* Pods_FlaintartistUITests.framework */; };
/* End PBXBuildFile section */

/* Begin PBXContainerItemProxy section */
		6DF28D9E1E196DC300C8A3B0 /* PBXContainerItemProxy */ = {
			isa = PBXContainerItemProxy;
			containerPortal = 6DF28D811E196DC200C8A3B0 /* Project object */;
			proxyType = 1;
			remoteGlobalIDString = 6DF28D881E196DC200C8A3B0;
			remoteInfo = Flaintartist;
		};
		6DF28DA91E196DC300C8A3B0 /* PBXContainerItemProxy */ = {
			isa = PBXContainerItemProxy;
			containerPortal = 6DF28D811E196DC200C8A3B0 /* Project object */;
			proxyType = 1;
			remoteGlobalIDString = 6DF28D881E196DC200C8A3B0;
			remoteInfo = Flaintartist;
		};
/* End PBXContainerItemProxy section */

/* Begin PBXFileReference section */
		15CF129F9D21BE5922472E7A /* Pods-Flaintartist.release.xcconfig */ = {isa = PBXFileReference; includeInIndex = 1; lastKnownFileType = text.xcconfig; name = "Pods-Flaintartist.release.xcconfig"; path = "Pods/Target Support Files/Pods-Flaintartist/Pods-Flaintartist.release.xcconfig"; sourceTree = "<group>"; };
		1C7E5CA513FB08F5371E78CF /* Pods_FlaintartistUITests.framework */ = {isa = PBXFileReference; explicitFileType = wrapper.framework; includeInIndex = 0; path = Pods_FlaintartistUITests.framework; sourceTree = BUILT_PRODUCTS_DIR; };
		1F88F037FFF9ABADA5F177D7 /* Pods-FlaintartistUITests.debug.xcconfig */ = {isa = PBXFileReference; includeInIndex = 1; lastKnownFileType = text.xcconfig; name = "Pods-FlaintartistUITests.debug.xcconfig"; path = "Pods/Target Support Files/Pods-FlaintartistUITests/Pods-FlaintartistUITests.debug.xcconfig"; sourceTree = "<group>"; };
		24443F8858A14D648040863F /* Pods_FlaintartistTests.framework */ = {isa = PBXFileReference; explicitFileType = wrapper.framework; includeInIndex = 0; path = Pods_FlaintartistTests.framework; sourceTree = BUILT_PRODUCTS_DIR; };
		399C37CDB4AFE7DB2CD025E7 /* Pods-FlaintartistUITests.release.xcconfig */ = {isa = PBXFileReference; includeInIndex = 1; lastKnownFileType = text.xcconfig; name = "Pods-FlaintartistUITests.release.xcconfig"; path = "Pods/Target Support Files/Pods-FlaintartistUITests/Pods-FlaintartistUITests.release.xcconfig"; sourceTree = "<group>"; };
		4A26F9D813BC835523BE55D1 /* Pods-Flaintartist.debug.xcconfig */ = {isa = PBXFileReference; includeInIndex = 1; lastKnownFileType = text.xcconfig; name = "Pods-Flaintartist.debug.xcconfig"; path = "Pods/Target Support Files/Pods-Flaintartist/Pods-Flaintartist.debug.xcconfig"; sourceTree = "<group>"; };
		62D73A7833A90BAFFD1E9D0D /* Pods_Flaintartist.framework */ = {isa = PBXFileReference; explicitFileType = wrapper.framework; includeInIndex = 0; path = Pods_Flaintartist.framework; sourceTree = BUILT_PRODUCTS_DIR; };
		6D08A5141E405A69000468FA /* EditArtDetails.swift */ = {isa = PBXFileReference; fileEncoding = 4; lastKnownFileType = sourcecode.swift; path = EditArtDetails.swift; sourceTree = "<group>"; };
		6D08A5161E40F26D000468FA /* EditArtDetails.xib */ = {isa = PBXFileReference; fileEncoding = 4; lastKnownFileType = file.xib; path = EditArtDetails.xib; sourceTree = "<group>"; };
		6D0DBDFD1E36F92F00163299 /* Time.swift */ = {isa = PBXFileReference; fileEncoding = 4; lastKnownFileType = sourcecode.swift; path = Time.swift; sourceTree = "<group>"; };
		6D0E622F1E9044AB007327A8 /* ShadowImage.swift */ = {isa = PBXFileReference; fileEncoding = 4; lastKnownFileType = sourcecode.swift; path = ShadowImage.swift; sourceTree = "<group>"; };
		6D0E62311E981A5C007327A8 /* CaptureViewExt.swift */ = {isa = PBXFileReference; fileEncoding = 4; lastKnownFileType = sourcecode.swift; path = CaptureViewExt.swift; sourceTree = "<group>"; };
		6D1C78071E19E46600E2041C /* SettingsCell.swift */ = {isa = PBXFileReference; fileEncoding = 4; lastKnownFileType = sourcecode.swift; name = SettingsCell.swift; path = Flaintartist/SettingsCell.swift; sourceTree = SOURCE_ROOT; };
		6D1C780A1E19E49C00E2041C /* NewsCell.swift */ = {isa = PBXFileReference; fileEncoding = 4; lastKnownFileType = sourcecode.swift; name = NewsCell.swift; path = Flaintartist/NewsCell.swift; sourceTree = SOURCE_ROOT; };
		6D1C78141E19E54A00E2041C /* AllCell.swift */ = {isa = PBXFileReference; fileEncoding = 4; lastKnownFileType = sourcecode.swift; name = AllCell.swift; path = Flaintartist/AllCell.swift; sourceTree = SOURCE_ROOT; };
		6D1C781E1E19E66800E2041C /* ParentView.swift */ = {isa = PBXFileReference; fileEncoding = 4; lastKnownFileType = sourcecode.swift; name = ParentView.swift; path = ../../Medici/Medici/ParentView.swift; sourceTree = "<group>"; };
		6D1C78201E19E69E00E2041C /* ValidateEmailExt.swift */ = {isa = PBXFileReference; fileEncoding = 4; lastKnownFileType = sourcecode.swift; name = ValidateEmailExt.swift; path = Flaintartist/ValidateEmailExt.swift; sourceTree = SOURCE_ROOT; };
		6D1C78221E19E6CF00E2041C /* SettingsVC.swift */ = {isa = PBXFileReference; fileEncoding = 4; lastKnownFileType = sourcecode.swift; name = SettingsVC.swift; path = Flaintartist/SettingsVC.swift; sourceTree = SOURCE_ROOT; };
		6D1C78241E19E70F00E2041C /* EditAccountVC.swift */ = {isa = PBXFileReference; fileEncoding = 4; lastKnownFileType = sourcecode.swift; name = EditAccountVC.swift; path = Flaintartist/EditAccountVC.swift; sourceTree = SOURCE_ROOT; };
		6D1C78261E19E73B00E2041C /* FeedbackVC.swift */ = {isa = PBXFileReference; fileEncoding = 4; lastKnownFileType = sourcecode.swift; name = FeedbackVC.swift; path = Flaintartist/FeedbackVC.swift; sourceTree = SOURCE_ROOT; };
		6D1C782A1E19E7F900E2041C /* NewsVC.swift */ = {isa = PBXFileReference; fileEncoding = 4; lastKnownFileType = sourcecode.swift; name = NewsVC.swift; path = Flaintartist/NewsVC.swift; sourceTree = SOURCE_ROOT; };
		6D1C782D1E19E83B00E2041C /* Size.xib */ = {isa = PBXFileReference; fileEncoding = 4; lastKnownFileType = file.xib; path = Size.xib; sourceTree = "<group>"; };
		6D1C782F1E19E86C00E2041C /* Types.xib */ = {isa = PBXFileReference; fileEncoding = 4; lastKnownFileType = file.xib; path = Types.xib; sourceTree = "<group>"; };
		6D1C78311E19E88200E2041C /* Details.xib */ = {isa = PBXFileReference; fileEncoding = 4; lastKnownFileType = file.xib; path = Details.xib; sourceTree = "<group>"; };
		6D1C78331E19E8B500E2041C /* HeaderView.swift */ = {isa = PBXFileReference; fileEncoding = 4; lastKnownFileType = sourcecode.swift; path = HeaderView.swift; sourceTree = "<group>"; };
		6D1C78351E19E8D200E2041C /* HeaderView.xib */ = {isa = PBXFileReference; fileEncoding = 4; lastKnownFileType = file.xib; path = HeaderView.xib; sourceTree = "<group>"; };
		6D1C78371E19E90900E2041C /* AllVC.swift */ = {isa = PBXFileReference; fileEncoding = 4; lastKnownFileType = sourcecode.swift; name = AllVC.swift; path = Flaintartist/AllVC.swift; sourceTree = SOURCE_ROOT; };
		6D1C78391E19EAE700E2041C /* LogInVC.swift */ = {isa = PBXFileReference; fileEncoding = 4; lastKnownFileType = sourcecode.swift; name = LogInVC.swift; path = Flaintartist/LogInVC.swift; sourceTree = SOURCE_ROOT; };
		6D1C783B1E19EB1000E2041C /* ResetPasswordVC.swift */ = {isa = PBXFileReference; fileEncoding = 4; lastKnownFileType = sourcecode.swift; name = ResetPasswordVC.swift; path = Flaintartist/ResetPasswordVC.swift; sourceTree = SOURCE_ROOT; };
		6D1C783D1E19EC0900E2041C /* TextFieldRect.swift */ = {isa = PBXFileReference; fileEncoding = 4; lastKnownFileType = sourcecode.swift; name = TextFieldRect.swift; path = Flaintartist/TextFieldRect.swift; sourceTree = SOURCE_ROOT; };
		6D1C783F1E19EC8C00E2041C /* GoogleService-Info.plist */ = {isa = PBXFileReference; fileEncoding = 4; lastKnownFileType = text.plist.xml; path = "GoogleService-Info.plist"; sourceTree = "<group>"; };
		6D1C78411E19ED6300E2041C /* CreateAccountFirstVC.swift */ = {isa = PBXFileReference; fileEncoding = 4; lastKnownFileType = sourcecode.swift; path = CreateAccountFirstVC.swift; sourceTree = "<group>"; };
		6D1C78431E19EDAA00E2041C /* CreateAccountSecondVC.swift */ = {isa = PBXFileReference; fileEncoding = 4; lastKnownFileType = sourcecode.swift; name = CreateAccountSecondVC.swift; path = Flaintartist/CreateAccountSecondVC.swift; sourceTree = SOURCE_ROOT; };
		6D1C78471E19EEEA00E2041C /* TabBarVC.swift */ = {isa = PBXFileReference; fileEncoding = 4; lastKnownFileType = sourcecode.swift; name = TabBarVC.swift; path = Flaintartist/TabBarVC.swift; sourceTree = SOURCE_ROOT; };
		6D1C784A1E1A041600E2041C /* SendToCaptureVC.swift */ = {isa = PBXFileReference; fileEncoding = 4; lastKnownFileType = sourcecode.swift; name = SendToCaptureVC.swift; path = Flaintartist/SendToCaptureVC.swift; sourceTree = SOURCE_ROOT; };
		6D1C784C1E1A047800E2041C /* CaptureVC.swift */ = {isa = PBXFileReference; fileEncoding = 4; lastKnownFileType = sourcecode.swift; name = CaptureVC.swift; path = Flaintartist/CaptureVC.swift; sourceTree = SOURCE_ROOT; };
		6D1C784E1E1A04BC00E2041C /* CaptureDetailsVC.swift */ = {isa = PBXFileReference; fileEncoding = 4; lastKnownFileType = sourcecode.swift; name = CaptureDetailsVC.swift; path = Flaintartist/CaptureDetailsVC.swift; sourceTree = SOURCE_ROOT; };
		6D1E05621E3BCE64007CCC5C /* EditProfileCell.swift */ = {isa = PBXFileReference; fileEncoding = 4; lastKnownFileType = sourcecode.swift; name = EditProfileCell.swift; path = Flaintartist/EditProfileCell.swift; sourceTree = SOURCE_ROOT; };
		6D1E05641E3BCECB007CCC5C /* NewArtistTabCell.swift */ = {isa = PBXFileReference; fileEncoding = 4; lastKnownFileType = sourcecode.swift; name = NewArtistTabCell.swift; path = Flaintartist/NewArtistTabCell.swift; sourceTree = SOURCE_ROOT; };
		6D1E05661E3BCEEA007CCC5C /* NewArtistCell.swift */ = {isa = PBXFileReference; fileEncoding = 4; lastKnownFileType = sourcecode.swift; name = NewArtistCell.swift; path = Flaintartist/NewArtistCell.swift; sourceTree = SOURCE_ROOT; };
		6D28D59F1E327C9C000E30A5 /* UploadPhotoVC.swift */ = {isa = PBXFileReference; fileEncoding = 4; lastKnownFileType = sourcecode.swift; name = UploadPhotoVC.swift; path = Flaintartist/UploadPhotoVC.swift; sourceTree = SOURCE_ROOT; };
		6D28D5A11E327DB6000E30A5 /* UploadPhotoCell.swift */ = {isa = PBXFileReference; fileEncoding = 4; lastKnownFileType = sourcecode.swift; name = UploadPhotoCell.swift; path = Flaintartist/UploadPhotoCell.swift; sourceTree = SOURCE_ROOT; };
		6D33DEB31E1F2C7300CC4618 /* ReportVC.swift */ = {isa = PBXFileReference; fileEncoding = 4; lastKnownFileType = sourcecode.swift; name = ReportVC.swift; path = Flaintartist/ReportVC.swift; sourceTree = SOURCE_ROOT; };
		6D4461C11E2DC21F003EE5BA /* SizeView.swift */ = {isa = PBXFileReference; fileEncoding = 4; lastKnownFileType = sourcecode.swift; path = SizeView.swift; sourceTree = "<group>"; };
		6D4461C81E302333003EE5BA /* SimilarCell.xib */ = {isa = PBXFileReference; fileEncoding = 4; lastKnownFileType = file.xib; path = SimilarCell.xib; sourceTree = "<group>"; };
		6D4461CA1E30266E003EE5BA /* SimilarCell.swift */ = {isa = PBXFileReference; fileEncoding = 4; lastKnownFileType = sourcecode.swift; path = SimilarCell.swift; sourceTree = "<group>"; };
		6D4461CC1E30305F003EE5BA /* SimilarScene.swift */ = {isa = PBXFileReference; fileEncoding = 4; lastKnownFileType = sourcecode.swift; path = SimilarScene.swift; sourceTree = "<group>"; };
		6D4609AE1E1F505F00FC75C3 /* MGMessage.m */ = {isa = PBXFileReference; fileEncoding = 4; lastKnownFileType = sourcecode.c.objc; path = MGMessage.m; sourceTree = "<group>"; };
		6D4609AF1E1F505F00FC75C3 /* MGMessage.h */ = {isa = PBXFileReference; fileEncoding = 4; lastKnownFileType = sourcecode.c.h; path = MGMessage.h; sourceTree = "<group>"; };
		6D4609B11E1F5FAC00FC75C3 /* ReportNav.swift */ = {isa = PBXFileReference; fileEncoding = 4; lastKnownFileType = sourcecode.swift; path = ReportNav.swift; sourceTree = "<group>"; };
		6D46303E1E318DC800EEB3D8 /* RoundImage.swift */ = {isa = PBXFileReference; fileEncoding = 4; lastKnownFileType = sourcecode.swift; name = RoundImage.swift; path = Flaintartist/RoundImage.swift; sourceTree = SOURCE_ROOT; };
		6D4DE4AA1E29C39700AFAAAA /* EditArtVC.swift */ = {isa = PBXFileReference; fileEncoding = 4; lastKnownFileType = sourcecode.swift; name = EditArtVC.swift; path = Flaintartist/EditArtVC.swift; sourceTree = SOURCE_ROOT; };
		6D4E47381E24075A00970CE3 /* Mailgun.h */ = {isa = PBXFileReference; fileEncoding = 4; lastKnownFileType = sourcecode.c.h; path = Mailgun.h; sourceTree = "<group>"; };
		6D4E47391E24075A00970CE3 /* Mailgun.m */ = {isa = PBXFileReference; fileEncoding = 4; lastKnownFileType = sourcecode.c.objc; path = Mailgun.m; sourceTree = "<group>"; };
		6D63BB1A1E20B03D00D9271E /* Flaintartist.entitlements */ = {isa = PBXFileReference; lastKnownFileType = text.plist.entitlements; path = Flaintartist.entitlements; sourceTree = "<group>"; };
		6D6CC4871E84A8B800CC18F5 /* SimilarView.xib */ = {isa = PBXFileReference; fileEncoding = 4; lastKnownFileType = file.xib; path = SimilarView.xib; sourceTree = "<group>"; };
		6D6CC4891E84A95A00CC18F5 /* SimilarView.swift */ = {isa = PBXFileReference; fileEncoding = 4; lastKnownFileType = sourcecode.swift; path = SimilarView.swift; sourceTree = "<group>"; };
		6D8633CF1E8DD34B0025F626 /* CreateAccountVC.swift */ = {isa = PBXFileReference; fileEncoding = 4; lastKnownFileType = sourcecode.swift; name = CreateAccountVC.swift; path = Flaintartist/CreateAccountVC.swift; sourceTree = SOURCE_ROOT; };
		6D8F01431E269E9800651664 /* ProfileArtCell.swift */ = {isa = PBXFileReference; fileEncoding = 4; lastKnownFileType = sourcecode.swift; name = ProfileArtCell.swift; path = Flaintartist/ProfileArtCell.swift; sourceTree = SOURCE_ROOT; };
		6D8F01451E26A5D100651664 /* ProfileArtTabCell.swift */ = {isa = PBXFileReference; fileEncoding = 4; lastKnownFileType = sourcecode.swift; name = ProfileArtTabCell.swift; path = Flaintartist/ProfileArtTabCell.swift; sourceTree = SOURCE_ROOT; };
		6D9C8C441E3A9ACB00824C93 /* Unused.swift */ = {isa = PBXFileReference; fileEncoding = 4; lastKnownFileType = sourcecode.swift; path = Unused.swift; sourceTree = "<group>"; };
		6D9C8C911E3AF46A00824C93 /* AuthService.swift */ = {isa = PBXFileReference; fileEncoding = 4; lastKnownFileType = sourcecode.swift; path = AuthService.swift; sourceTree = "<group>"; };
		6D9EA40A1E19DC7A0080D182 /* Flaintartist-Bridging-Header.h */ = {isa = PBXFileReference; lastKnownFileType = sourcecode.c.h; path = "Flaintartist-Bridging-Header.h"; sourceTree = "<group>"; };
		6D9EA40B1E19DC7B0080D182 /* SwipeView.h */ = {isa = PBXFileReference; fileEncoding = 4; lastKnownFileType = sourcecode.c.h; path = SwipeView.h; sourceTree = "<group>"; };
		6D9EA40C1E19DC7B0080D182 /* SwipeView.m */ = {isa = PBXFileReference; fileEncoding = 4; lastKnownFileType = sourcecode.c.objc; path = SwipeView.m; sourceTree = "<group>"; };
		6D9EA4151E19DCEC0080D182 /* IPDFCameraViewController.h */ = {isa = PBXFileReference; fileEncoding = 4; lastKnownFileType = sourcecode.c.h; path = IPDFCameraViewController.h; sourceTree = "<group>"; };
		6D9EA4161E19DCEC0080D182 /* IPDFCameraViewController.m */ = {isa = PBXFileReference; fileEncoding = 4; lastKnownFileType = sourcecode.c.objc; path = IPDFCameraViewController.m; sourceTree = "<group>"; };
		6D9EA41B1E19DDB00080D182 /* ArtRoomVC.swift */ = {isa = PBXFileReference; fileEncoding = 4; lastKnownFileType = sourcecode.swift; path = ArtRoomVC.swift; sourceTree = SOURCE_ROOT; };
		6D9EA41E1E19DE2D0080D182 /* ArtRoomScene.swift */ = {isa = PBXFileReference; fileEncoding = 4; lastKnownFileType = sourcecode.swift; path = ArtRoomScene.swift; sourceTree = "<group>"; };
		6D9EA4201E19DE540080D182 /* WallViewScene.swift */ = {isa = PBXFileReference; fileEncoding = 4; lastKnownFileType = sourcecode.swift; path = WallViewScene.swift; sourceTree = "<group>"; };
		6D9EA4221E19DE780080D182 /* DetailsScene.swift */ = {isa = PBXFileReference; fileEncoding = 4; lastKnownFileType = sourcecode.swift; path = DetailsScene.swift; sourceTree = "<group>"; };
		6D9EA4241E19DF150080D182 /* WallViewVC.swift */ = {isa = PBXFileReference; fileEncoding = 4; lastKnownFileType = sourcecode.swift; path = WallViewVC.swift; sourceTree = SOURCE_ROOT; };
		6D9EA4261E19DF850080D182 /* GalleryVC.swift */ = {isa = PBXFileReference; fileEncoding = 4; lastKnownFileType = sourcecode.swift; path = GalleryVC.swift; sourceTree = SOURCE_ROOT; };
		6D9EA4281E19DFE90080D182 /* ProfileVC.swift */ = {isa = PBXFileReference; fileEncoding = 4; lastKnownFileType = sourcecode.swift; path = ProfileVC.swift; sourceTree = SOURCE_ROOT; };
		6D9EA42A1E19E0490080D182 /* BorderImage.swift */ = {isa = PBXFileReference; fileEncoding = 4; lastKnownFileType = sourcecode.swift; path = BorderImage.swift; sourceTree = SOURCE_ROOT; };
		6D9EA42C1E19E1230080D182 /* RoundedBtn.swift */ = {isa = PBXFileReference; fileEncoding = 4; lastKnownFileType = sourcecode.swift; path = RoundedBtn.swift; sourceTree = SOURCE_ROOT; };
		6D9EA42E1E19E13E0080D182 /* BorderTopBtn.swift */ = {isa = PBXFileReference; fileEncoding = 4; lastKnownFileType = sourcecode.swift; path = BorderTopBtn.swift; sourceTree = SOURCE_ROOT; };
		6DA5B1B41E2865BB005A11F5 /* RequestPhotoVC.swift */ = {isa = PBXFileReference; fileEncoding = 4; lastKnownFileType = sourcecode.swift; name = RequestPhotoVC.swift; path = Flaintartist/RequestPhotoVC.swift; sourceTree = SOURCE_ROOT; };
		6DA7BC031E6DFD8E00DE61FB /* GeoFire.h */ = {isa = PBXFileReference; lastKnownFileType = sourcecode.c.h; path = GeoFire.h; sourceTree = "<group>"; };
		6DA7BC041E6DFD8E00DE61FB /* GFCircleQuery.h */ = {isa = PBXFileReference; lastKnownFileType = sourcecode.c.h; path = GFCircleQuery.h; sourceTree = "<group>"; };
		6DA7BC051E6DFD8E00DE61FB /* GFQuery.h */ = {isa = PBXFileReference; lastKnownFileType = sourcecode.c.h; path = GFQuery.h; sourceTree = "<group>"; };
		6DA7BC061E6DFD8E00DE61FB /* GFRegionQuery.h */ = {isa = PBXFileReference; lastKnownFileType = sourcecode.c.h; path = GFRegionQuery.h; sourceTree = "<group>"; };
		6DA7BC071E6DFDA000DE61FB /* GeoFire-Prefix.pch */ = {isa = PBXFileReference; lastKnownFileType = sourcecode.c.h; path = "GeoFire-Prefix.pch"; sourceTree = "<group>"; };
		6DA7BC091E6DFDCA00DE61FB /* GeoFire.m */ = {isa = PBXFileReference; fileEncoding = 4; lastKnownFileType = sourcecode.c.objc; path = GeoFire.m; sourceTree = "<group>"; };
		6DA7BC0A1E6DFDCA00DE61FB /* GeoFire+Private.h */ = {isa = PBXFileReference; fileEncoding = 4; lastKnownFileType = sourcecode.c.h; path = "GeoFire+Private.h"; sourceTree = "<group>"; };
		6DA7BC0B1E6DFDCA00DE61FB /* GFBase32Utils.h */ = {isa = PBXFileReference; fileEncoding = 4; lastKnownFileType = sourcecode.c.h; path = GFBase32Utils.h; sourceTree = "<group>"; };
		6DA7BC0C1E6DFDCA00DE61FB /* GFBase32Utils.m */ = {isa = PBXFileReference; fileEncoding = 4; lastKnownFileType = sourcecode.c.objc; path = GFBase32Utils.m; sourceTree = "<group>"; };
		6DA7BC0D1E6DFDCA00DE61FB /* GFGeoHash.h */ = {isa = PBXFileReference; fileEncoding = 4; lastKnownFileType = sourcecode.c.h; path = GFGeoHash.h; sourceTree = "<group>"; };
		6DA7BC0E1E6DFDCA00DE61FB /* GFGeoHash.m */ = {isa = PBXFileReference; fileEncoding = 4; lastKnownFileType = sourcecode.c.objc; path = GFGeoHash.m; sourceTree = "<group>"; };
		6DA7BC0F1E6DFDCA00DE61FB /* GFGeoHashQuery.h */ = {isa = PBXFileReference; fileEncoding = 4; lastKnownFileType = sourcecode.c.h; path = GFGeoHashQuery.h; sourceTree = "<group>"; };
		6DA7BC101E6DFDCA00DE61FB /* GFGeoHashQuery.m */ = {isa = PBXFileReference; fileEncoding = 4; lastKnownFileType = sourcecode.c.objc; path = GFGeoHashQuery.m; sourceTree = "<group>"; };
		6DA7BC111E6DFDCA00DE61FB /* GFQuery.m */ = {isa = PBXFileReference; fileEncoding = 4; lastKnownFileType = sourcecode.c.objc; path = GFQuery.m; sourceTree = "<group>"; };
		6DA7BC121E6DFDCA00DE61FB /* GFQuery+Private.h */ = {isa = PBXFileReference; fileEncoding = 4; lastKnownFileType = sourcecode.c.h; path = "GFQuery+Private.h"; sourceTree = "<group>"; };
		6DA7BC191E6F908B00DE61FB /* Bolts.framework */ = {isa = PBXFileReference; lastKnownFileType = wrapper.framework; path = Bolts.framework; sourceTree = "<group>"; };
		6DA7BC1A1E6F908B00DE61FB /* FBSDKCoreKit.framework */ = {isa = PBXFileReference; lastKnownFileType = wrapper.framework; path = FBSDKCoreKit.framework; sourceTree = "<group>"; };
		6DA7BC1B1E6F908B00DE61FB /* FBSDKLoginKit.framework */ = {isa = PBXFileReference; lastKnownFileType = wrapper.framework; path = FBSDKLoginKit.framework; sourceTree = "<group>"; };
		6DA7BC1F1E6F91E300DE61FB /* CAPSPageMenu.swift */ = {isa = PBXFileReference; fileEncoding = 4; lastKnownFileType = sourcecode.swift; path = CAPSPageMenu.swift; sourceTree = "<group>"; };
		6DA7BC311E6F975300DE61FB /* HeaderCollectionReusableView.swift */ = {isa = PBXFileReference; fileEncoding = 4; lastKnownFileType = sourcecode.swift; path = HeaderCollectionReusableView.swift; sourceTree = "<group>"; };
		6DA7BC341E6F97A400DE61FB /* SearchArtsVC.swift */ = {isa = PBXFileReference; fileEncoding = 4; lastKnownFileType = sourcecode.swift; path = SearchArtsVC.swift; sourceTree = "<group>"; };
		6DA7BC361E6F97AE00DE61FB /* PageMenuVC.swift */ = {isa = PBXFileReference; fileEncoding = 4; lastKnownFileType = sourcecode.swift; path = PageMenuVC.swift; sourceTree = "<group>"; };
		6DA7BC381E6F97D000DE61FB /* SearchArtistsVC.swift */ = {isa = PBXFileReference; fileEncoding = 4; lastKnownFileType = sourcecode.swift; path = SearchArtistsVC.swift; sourceTree = "<group>"; };
		6DA7BC3A1E6F98A500DE61FB /* SearchArtsCell.swift */ = {isa = PBXFileReference; fileEncoding = 4; lastKnownFileType = sourcecode.swift; path = SearchArtsCell.swift; sourceTree = "<group>"; };
		6DA7BC3C1E709CA500DE61FB /* HistoryVC.swift */ = {isa = PBXFileReference; fileEncoding = 4; lastKnownFileType = sourcecode.swift; path = HistoryVC.swift; sourceTree = SOURCE_ROOT; };
		6DA7BC3E1E709CF100DE61FB /* HistoryCell.swift */ = {isa = PBXFileReference; fileEncoding = 4; lastKnownFileType = sourcecode.swift; path = HistoryCell.swift; sourceTree = SOURCE_ROOT; };
		6DB44A251E1F79010025BF1A /* PrivacyVC.swift */ = {isa = PBXFileReference; fileEncoding = 4; lastKnownFileType = sourcecode.swift; name = PrivacyVC.swift; path = Flaintartist/PrivacyVC.swift; sourceTree = SOURCE_ROOT; };
		6DB5F9731E4E5C2300A66459 /* Other.swift */ = {isa = PBXFileReference; fileEncoding = 4; lastKnownFileType = sourcecode.swift; path = Other.swift; sourceTree = "<group>"; };
		6DC81C151E2AA4AA0021BBCF /* SearchControllerVC.swift */ = {isa = PBXFileReference; fileEncoding = 4; lastKnownFileType = sourcecode.swift; name = SearchControllerVC.swift; path = Flaintartist/SearchControllerVC.swift; sourceTree = SOURCE_ROOT; };
		6DC81C1A1E2ABE390021BBCF /* SearchCell.swift */ = {isa = PBXFileReference; fileEncoding = 4; lastKnownFileType = sourcecode.swift; name = SearchCell.swift; path = Flaintartist/SearchCell.swift; sourceTree = SOURCE_ROOT; };
		6DC81C1C1E2B04EF0021BBCF /* Protocol.swift */ = {isa = PBXFileReference; fileEncoding = 4; lastKnownFileType = sourcecode.swift; path = Protocol.swift; sourceTree = "<group>"; };
		6DC81C1E1E2B21510021BBCF /* SearchNav.swift */ = {isa = PBXFileReference; fileEncoding = 4; lastKnownFileType = sourcecode.swift; name = SearchNav.swift; path = Flaintartist/SearchNav.swift; sourceTree = SOURCE_ROOT; };
		6DC81C201E2BB86C0021BBCF /* ArtView.xib */ = {isa = PBXFileReference; fileEncoding = 4; lastKnownFileType = file.xib; path = ArtView.xib; sourceTree = "<group>"; };
		6DC81C221E2BB9F70021BBCF /* ArtViewCell.xib */ = {isa = PBXFileReference; fileEncoding = 4; lastKnownFileType = file.xib; path = ArtViewCell.xib; sourceTree = "<group>"; };
		6DC81C241E2BC4860021BBCF /* ArtistView.xib */ = {isa = PBXFileReference; fileEncoding = 4; lastKnownFileType = file.xib; path = ArtistView.xib; sourceTree = "<group>"; };
		6DC81C261E2BCF1D0021BBCF /* ArtistViewCell.xib */ = {isa = PBXFileReference; fileEncoding = 4; lastKnownFileType = file.xib; path = ArtistViewCell.xib; sourceTree = "<group>"; };
		6DC81C2A1E2BD0FE0021BBCF /* ArtViewCell.swift */ = {isa = PBXFileReference; fileEncoding = 4; lastKnownFileType = sourcecode.swift; path = ArtViewCell.swift; sourceTree = "<group>"; };
		6DC81C2C1E2BD2F70021BBCF /* ArtistViewCell.swift */ = {isa = PBXFileReference; fileEncoding = 4; lastKnownFileType = sourcecode.swift; path = ArtistViewCell.swift; sourceTree = "<group>"; };
		6DE213801E21E1860030A7BC /* WebVC.swift */ = {isa = PBXFileReference; fileEncoding = 4; lastKnownFileType = sourcecode.swift; name = WebVC.swift; path = Flaintartist/WebVC.swift; sourceTree = SOURCE_ROOT; };
		6DF28D891E196DC200C8A3B0 /* Flaintartist.app */ = {isa = PBXFileReference; explicitFileType = wrapper.application; includeInIndex = 0; path = Flaintartist.app; sourceTree = BUILT_PRODUCTS_DIR; };
		6DF28D8C1E196DC200C8A3B0 /* AppDelegate.swift */ = {isa = PBXFileReference; lastKnownFileType = sourcecode.swift; path = AppDelegate.swift; sourceTree = "<group>"; };
		6DF28D911E196DC300C8A3B0 /* Base */ = {isa = PBXFileReference; lastKnownFileType = file.storyboard; name = Base; path = Base.lproj/Main.storyboard; sourceTree = "<group>"; };
		6DF28D931E196DC300C8A3B0 /* Assets.xcassets */ = {isa = PBXFileReference; lastKnownFileType = folder.assetcatalog; path = Assets.xcassets; sourceTree = "<group>"; };
		6DF28D961E196DC300C8A3B0 /* Base */ = {isa = PBXFileReference; lastKnownFileType = file.storyboard; name = Base; path = Base.lproj/LaunchScreen.storyboard; sourceTree = "<group>"; };
		6DF28D981E196DC300C8A3B0 /* Info.plist */ = {isa = PBXFileReference; lastKnownFileType = text.plist.xml; path = Info.plist; sourceTree = "<group>"; };
		6DF28D9D1E196DC300C8A3B0 /* FlaintartistTests.xctest */ = {isa = PBXFileReference; explicitFileType = wrapper.cfbundle; includeInIndex = 0; path = FlaintartistTests.xctest; sourceTree = BUILT_PRODUCTS_DIR; };
		6DF28DA11E196DC300C8A3B0 /* FlaintartistTests.swift */ = {isa = PBXFileReference; lastKnownFileType = sourcecode.swift; path = FlaintartistTests.swift; sourceTree = "<group>"; };
		6DF28DA31E196DC300C8A3B0 /* Info.plist */ = {isa = PBXFileReference; lastKnownFileType = text.plist.xml; path = Info.plist; sourceTree = "<group>"; };
		6DF28DA81E196DC300C8A3B0 /* FlaintartistUITests.xctest */ = {isa = PBXFileReference; explicitFileType = wrapper.cfbundle; includeInIndex = 0; path = FlaintartistUITests.xctest; sourceTree = BUILT_PRODUCTS_DIR; };
		6DF28DAC1E196DC300C8A3B0 /* FlaintartistUITests.swift */ = {isa = PBXFileReference; lastKnownFileType = sourcecode.swift; path = FlaintartistUITests.swift; sourceTree = "<group>"; };
		6DF28DAE1E196DC300C8A3B0 /* Info.plist */ = {isa = PBXFileReference; lastKnownFileType = text.plist.xml; path = Info.plist; sourceTree = "<group>"; };
		6DF28DBD1E199AC900C8A3B0 /* Constant.swift */ = {isa = PBXFileReference; fileEncoding = 4; lastKnownFileType = sourcecode.swift; path = Constant.swift; sourceTree = "<group>"; };
		6DF28DC01E199B8000C8A3B0 /* Camera.swift */ = {isa = PBXFileReference; fileEncoding = 4; lastKnownFileType = sourcecode.swift; path = Camera.swift; sourceTree = "<group>"; };
		6DF28DC21E199BB100C8A3B0 /* Share.swift */ = {isa = PBXFileReference; fileEncoding = 4; lastKnownFileType = sourcecode.swift; path = Share.swift; sourceTree = "<group>"; };
		6DF28DC41E199BF900C8A3B0 /* Alerts.swift */ = {isa = PBXFileReference; fileEncoding = 4; lastKnownFileType = sourcecode.swift; path = Alerts.swift; sourceTree = "<group>"; };
		6DF28DC71E199C6400C8A3B0 /* DataService.swift */ = {isa = PBXFileReference; fileEncoding = 4; lastKnownFileType = sourcecode.swift; path = DataService.swift; sourceTree = "<group>"; };
		6DF28DCA1E199D3300C8A3B0 /* Art.swift */ = {isa = PBXFileReference; fileEncoding = 4; lastKnownFileType = sourcecode.swift; path = Art.swift; sourceTree = "<group>"; };
		6DF28DCC1E199D4F00C8A3B0 /* User.swift */ = {isa = PBXFileReference; fileEncoding = 4; lastKnownFileType = sourcecode.swift; path = User.swift; sourceTree = "<group>"; };
		70C4C6928DC945CFA85200F3 /* Pods-FlaintartistTests.release.xcconfig */ = {isa = PBXFileReference; includeInIndex = 1; lastKnownFileType = text.xcconfig; name = "Pods-FlaintartistTests.release.xcconfig"; path = "Pods/Target Support Files/Pods-FlaintartistTests/Pods-FlaintartistTests.release.xcconfig"; sourceTree = "<group>"; };
		9D75A3219F4FA996FC3A0417 /* Pods-FlaintartistTests.debug.xcconfig */ = {isa = PBXFileReference; includeInIndex = 1; lastKnownFileType = text.xcconfig; name = "Pods-FlaintartistTests.debug.xcconfig"; path = "Pods/Target Support Files/Pods-FlaintartistTests/Pods-FlaintartistTests.debug.xcconfig"; sourceTree = "<group>"; };
/* End PBXFileReference section */

/* Begin PBXFrameworksBuildPhase section */
		6DF28D861E196DC200C8A3B0 /* Frameworks */ = {
			isa = PBXFrameworksBuildPhase;
			buildActionMask = 2147483647;
			files = (
				93B88644237F5B3480AF868F /* Pods_Flaintartist.framework in Frameworks */,
			);
			runOnlyForDeploymentPostprocessing = 0;
		};
		6DF28D9A1E196DC300C8A3B0 /* Frameworks */ = {
			isa = PBXFrameworksBuildPhase;
			buildActionMask = 2147483647;
			files = (
				2DFF30C4011313ABDC50DA2D /* Pods_FlaintartistTests.framework in Frameworks */,
			);
			runOnlyForDeploymentPostprocessing = 0;
		};
		6DF28DA51E196DC300C8A3B0 /* Frameworks */ = {
			isa = PBXFrameworksBuildPhase;
			buildActionMask = 2147483647;
			files = (
				D0CF0457EA55D1EC14422CF6 /* Pods_FlaintartistUITests.framework in Frameworks */,
			);
			runOnlyForDeploymentPostprocessing = 0;
		};
/* End PBXFrameworksBuildPhase section */

/* Begin PBXGroup section */
		57532BC0C6287FF06784E2D7 /* Pods */ = {
			isa = PBXGroup;
			children = (
				4A26F9D813BC835523BE55D1 /* Pods-Flaintartist.debug.xcconfig */,
				15CF129F9D21BE5922472E7A /* Pods-Flaintartist.release.xcconfig */,
				9D75A3219F4FA996FC3A0417 /* Pods-FlaintartistTests.debug.xcconfig */,
				70C4C6928DC945CFA85200F3 /* Pods-FlaintartistTests.release.xcconfig */,
				1F88F037FFF9ABADA5F177D7 /* Pods-FlaintartistUITests.debug.xcconfig */,
				399C37CDB4AFE7DB2CD025E7 /* Pods-FlaintartistUITests.release.xcconfig */,
			);
			name = Pods;
			sourceTree = "<group>";
		};
		6D1C782C1E19E82C00E2041C /* Nib */ = {
			isa = PBXGroup;
			children = (
				6D4461C11E2DC21F003EE5BA /* SizeView.swift */,
				6D1C782D1E19E83B00E2041C /* Size.xib */,
				6D1C782F1E19E86C00E2041C /* Types.xib */,
				6D1C78311E19E88200E2041C /* Details.xib */,
				6D1C78331E19E8B500E2041C /* HeaderView.swift */,
				6D1C78351E19E8D200E2041C /* HeaderView.xib */,
				6DC81C281E2BD0DB0021BBCF /* ArtView */,
				6DC81C291E2BD0E50021BBCF /* ArtistView */,
				6D4461C71E30231E003EE5BA /* SimilarView */,
				6D08A5141E405A69000468FA /* EditArtDetails.swift */,
				6D08A5161E40F26D000468FA /* EditArtDetails.xib */,
			);
			name = Nib;
			sourceTree = "<group>";
		};
		6D1C78491E1A03F200E2041C /* Capture */ = {
			isa = PBXGroup;
			children = (
				6D1C784A1E1A041600E2041C /* SendToCaptureVC.swift */,
				6D1C784C1E1A047800E2041C /* CaptureVC.swift */,
				6D1C784E1E1A04BC00E2041C /* CaptureDetailsVC.swift */,
				6D28D59F1E327C9C000E30A5 /* UploadPhotoVC.swift */,
			);
			name = Capture;
			sourceTree = "<group>";
		};
		6D1E056B1E3BCF93007CCC5C /* Cell */ = {
			isa = PBXGroup;
			children = (
				6D1E056C1E3BCFAE007CCC5C /* News */,
				6D1E056F1E3BCFD5007CCC5C /* Profile */,
				6D1E056D1E3BCFB9007CCC5C /* Settings */,
				6D1E05701E3BCFE3007CCC5C /* Capture */,
				6D1E056E1E3BCFC6007CCC5C /* Search */,
			);
			name = Cell;
			sourceTree = "<group>";
		};
		6D1E056C1E3BCFAE007CCC5C /* News */ = {
			isa = PBXGroup;
			children = (
				6D1C780A1E19E49C00E2041C /* NewsCell.swift */,
				6D1C78141E19E54A00E2041C /* AllCell.swift */,
				6D1E05641E3BCECB007CCC5C /* NewArtistTabCell.swift */,
				6D1E05661E3BCEEA007CCC5C /* NewArtistCell.swift */,
			);
			name = News;
			sourceTree = "<group>";
		};
		6D1E056D1E3BCFB9007CCC5C /* Settings */ = {
			isa = PBXGroup;
			children = (
				6D1C78071E19E46600E2041C /* SettingsCell.swift */,
				6D1E05621E3BCE64007CCC5C /* EditProfileCell.swift */,
			);
			name = Settings;
			sourceTree = "<group>";
		};
		6D1E056E1E3BCFC6007CCC5C /* Search */ = {
			isa = PBXGroup;
			children = (
				6DC81C1A1E2ABE390021BBCF /* SearchCell.swift */,
				6DA7BC3A1E6F98A500DE61FB /* SearchArtsCell.swift */,
			);
			name = Search;
			sourceTree = "<group>";
		};
		6D1E056F1E3BCFD5007CCC5C /* Profile */ = {
			isa = PBXGroup;
			children = (
				6D8F01431E269E9800651664 /* ProfileArtCell.swift */,
				6D8F01451E26A5D100651664 /* ProfileArtTabCell.swift */,
			);
			name = Profile;
			sourceTree = "<group>";
		};
		6D1E05701E3BCFE3007CCC5C /* Capture */ = {
			isa = PBXGroup;
			children = (
				6D28D5A11E327DB6000E30A5 /* UploadPhotoCell.swift */,
			);
			name = Capture;
			sourceTree = "<group>";
		};
		6D1E05711E3BCFFB007CCC5C /* View */ = {
			isa = PBXGroup;
			children = (
				6D1E056B1E3BCF93007CCC5C /* Cell */,
				6D1E05761E3BD03C007CCC5C /* Extension */,
				6D1E05721E3BD009007CCC5C /* UITextFieldRect */,
				6D1E05731E3BD011007CCC5C /* UIButton */,
				6D1E05751E3BD032007CCC5C /* UIView */,
				6D1E05741E3BD022007CCC5C /* UIImage */,
			);
			name = View;
			sourceTree = "<group>";
		};
		6D1E05721E3BD009007CCC5C /* UITextFieldRect */ = {
			isa = PBXGroup;
			children = (
				6D1C783D1E19EC0900E2041C /* TextFieldRect.swift */,
			);
			name = UITextFieldRect;
			sourceTree = "<group>";
		};
		6D1E05731E3BD011007CCC5C /* UIButton */ = {
			isa = PBXGroup;
			children = (
				6D9EA42C1E19E1230080D182 /* RoundedBtn.swift */,
				6D9EA42E1E19E13E0080D182 /* BorderTopBtn.swift */,
			);
			name = UIButton;
			sourceTree = "<group>";
		};
		6D1E05741E3BD022007CCC5C /* UIImage */ = {
			isa = PBXGroup;
			children = (
				6D9EA42A1E19E0490080D182 /* BorderImage.swift */,
				6D46303E1E318DC800EEB3D8 /* RoundImage.swift */,
				6D0E622F1E9044AB007327A8 /* ShadowImage.swift */,
			);
			name = UIImage;
			sourceTree = "<group>";
		};
		6D1E05751E3BD032007CCC5C /* UIView */ = {
			isa = PBXGroup;
			children = (
				6D1C781E1E19E66800E2041C /* ParentView.swift */,
			);
			name = UIView;
			sourceTree = "<group>";
		};
		6D1E05761E3BD03C007CCC5C /* Extension */ = {
			isa = PBXGroup;
			children = (
				6D1C78201E19E69E00E2041C /* ValidateEmailExt.swift */,
				6D0E62311E981A5C007327A8 /* CaptureViewExt.swift */,
			);
			name = Extension;
			sourceTree = "<group>";
		};
		6D4461C71E30231E003EE5BA /* SimilarView */ = {
			isa = PBXGroup;
			children = (
				6D4461C81E302333003EE5BA /* SimilarCell.xib */,
				6D4461CA1E30266E003EE5BA /* SimilarCell.swift */,
				6D6CC4871E84A8B800CC18F5 /* SimilarView.xib */,
				6D6CC4891E84A95A00CC18F5 /* SimilarView.swift */,
			);
			name = SimilarView;
			sourceTree = "<group>";
		};
		6D4DE4A71E29C32100AFAAAA /* Art */ = {
			isa = PBXGroup;
			children = (
				6D9EA41B1E19DDB00080D182 /* ArtRoomVC.swift */,
				6D9EA4241E19DF150080D182 /* WallViewVC.swift */,
			);
			name = Art;
			sourceTree = "<group>";
		};
		6D4DE4A91E29C36000AFAAAA /* Report */ = {
			isa = PBXGroup;
			children = (
				6D33DEB31E1F2C7300CC4618 /* ReportVC.swift */,
				6D4609B11E1F5FAC00FC75C3 /* ReportNav.swift */,
			);
			name = Report;
			sourceTree = "<group>";
		};
		6D9EA4081E19DC5A0080D182 /* Framework */ = {
			isa = PBXGroup;
			children = (
				6DA7BC1F1E6F91E300DE61FB /* CAPSPageMenu.swift */,
				6DA7BC181E6F907B00DE61FB /* FB */,
				6DA7BC011E6DFD6400DE61FB /* GeoFire */,
				6D9EA40A1E19DC7A0080D182 /* Flaintartist-Bridging-Header.h */,
				6D9EA4151E19DCEC0080D182 /* IPDFCameraViewController.h */,
				6D9EA4161E19DCEC0080D182 /* IPDFCameraViewController.m */,
				6D4E47381E24075A00970CE3 /* Mailgun.h */,
				6D4E47391E24075A00970CE3 /* Mailgun.m */,
				6D4609AE1E1F505F00FC75C3 /* MGMessage.m */,
				6D4609AF1E1F505F00FC75C3 /* MGMessage.h */,
				6D9EA4091E19DC6E0080D182 /* SwipeView */,
			);
			name = Framework;
			sourceTree = "<group>";
		};
		6D9EA4091E19DC6E0080D182 /* SwipeView */ = {
			isa = PBXGroup;
			children = (
				6D9EA40B1E19DC7B0080D182 /* SwipeView.h */,
				6D9EA40C1E19DC7B0080D182 /* SwipeView.m */,
			);
			name = SwipeView;
			sourceTree = "<group>";
		};
		6D9EA41D1E19DE060080D182 /* 3D Scene */ = {
			isa = PBXGroup;
			children = (
				6D9EA41E1E19DE2D0080D182 /* ArtRoomScene.swift */,
				6D9EA4201E19DE540080D182 /* WallViewScene.swift */,
				6D9EA4221E19DE780080D182 /* DetailsScene.swift */,
				6D4461CC1E30305F003EE5BA /* SimilarScene.swift */,
				6DB5F9731E4E5C2300A66459 /* Other.swift */,
			);
			name = "3D Scene";
			sourceTree = "<group>";
		};
		6DA7BC011E6DFD6400DE61FB /* GeoFire */ = {
			isa = PBXGroup;
			children = (
				6DA7BC081E6DFDBC00DE61FB /* Implementation */,
				6DA7BC021E6DFD7200DE61FB /* Api */,
				6DA7BC071E6DFDA000DE61FB /* GeoFire-Prefix.pch */,
			);
			name = GeoFire;
			sourceTree = "<group>";
		};
		6DA7BC021E6DFD7200DE61FB /* Api */ = {
			isa = PBXGroup;
			children = (
				6DA7BC031E6DFD8E00DE61FB /* GeoFire.h */,
				6DA7BC041E6DFD8E00DE61FB /* GFCircleQuery.h */,
				6DA7BC051E6DFD8E00DE61FB /* GFQuery.h */,
				6DA7BC061E6DFD8E00DE61FB /* GFRegionQuery.h */,
			);
			name = Api;
			sourceTree = "<group>";
		};
		6DA7BC081E6DFDBC00DE61FB /* Implementation */ = {
			isa = PBXGroup;
			children = (
				6DA7BC091E6DFDCA00DE61FB /* GeoFire.m */,
				6DA7BC0A1E6DFDCA00DE61FB /* GeoFire+Private.h */,
				6DA7BC0B1E6DFDCA00DE61FB /* GFBase32Utils.h */,
				6DA7BC0C1E6DFDCA00DE61FB /* GFBase32Utils.m */,
				6DA7BC0D1E6DFDCA00DE61FB /* GFGeoHash.h */,
				6DA7BC0E1E6DFDCA00DE61FB /* GFGeoHash.m */,
				6DA7BC0F1E6DFDCA00DE61FB /* GFGeoHashQuery.h */,
				6DA7BC101E6DFDCA00DE61FB /* GFGeoHashQuery.m */,
				6DA7BC111E6DFDCA00DE61FB /* GFQuery.m */,
				6DA7BC121E6DFDCA00DE61FB /* GFQuery+Private.h */,
			);
			name = Implementation;
			sourceTree = "<group>";
		};
		6DA7BC181E6F907B00DE61FB /* FB */ = {
			isa = PBXGroup;
			children = (
				6DA7BC191E6F908B00DE61FB /* Bolts.framework */,
				6DA7BC1A1E6F908B00DE61FB /* FBSDKCoreKit.framework */,
				6DA7BC1B1E6F908B00DE61FB /* FBSDKLoginKit.framework */,
			);
			name = FB;
			sourceTree = "<group>";
		};
		6DA7BC2A1E6F969C00DE61FB /* News */ = {
			isa = PBXGroup;
			children = (
				6DA7BC331E6F977500DE61FB /* Explore */,
				6D1C782A1E19E7F900E2041C /* NewsVC.swift */,
				6D1C78371E19E90900E2041C /* AllVC.swift */,
				6DC81C151E2AA4AA0021BBCF /* SearchControllerVC.swift */,
				6DC81C1E1E2B21510021BBCF /* SearchNav.swift */,
				6DA7BC311E6F975300DE61FB /* HeaderCollectionReusableView.swift */,
			);
			name = News;
			path = ../../Flaintartist/Flaintartist;
			sourceTree = "<group>";
		};
		6DA7BC331E6F977500DE61FB /* Explore */ = {
			isa = PBXGroup;
			children = (
				6DA7BC341E6F97A400DE61FB /* SearchArtsVC.swift */,
				6DA7BC361E6F97AE00DE61FB /* PageMenuVC.swift */,
				6DA7BC381E6F97D000DE61FB /* SearchArtistsVC.swift */,
			);
			name = Explore;
			sourceTree = "<group>";
		};
		6DC81C281E2BD0DB0021BBCF /* ArtView */ = {
			isa = PBXGroup;
			children = (
				6DC81C201E2BB86C0021BBCF /* ArtView.xib */,
				6DC81C221E2BB9F70021BBCF /* ArtViewCell.xib */,
				6DC81C2A1E2BD0FE0021BBCF /* ArtViewCell.swift */,
			);
			name = ArtView;
			sourceTree = "<group>";
		};
		6DC81C291E2BD0E50021BBCF /* ArtistView */ = {
			isa = PBXGroup;
			children = (
				6DC81C241E2BC4860021BBCF /* ArtistView.xib */,
				6DC81C261E2BCF1D0021BBCF /* ArtistViewCell.xib */,
				6DC81C2C1E2BD2F70021BBCF /* ArtistViewCell.swift */,
			);
			name = ArtistView;
			sourceTree = "<group>";
		};
		6DF28D801E196DC200C8A3B0 = {
			isa = PBXGroup;
			children = (
				6DF28D8B1E196DC200C8A3B0 /* Flaintartist */,
				6DF28DA01E196DC300C8A3B0 /* FlaintartistTests */,
				6DF28DAB1E196DC300C8A3B0 /* FlaintartistUITests */,
				6DF28D8A1E196DC200C8A3B0 /* Products */,
				57532BC0C6287FF06784E2D7 /* Pods */,
				E8C4524ECCB19F3F8B32D9BB /* Frameworks */,
			);
			sourceTree = "<group>";
		};
		6DF28D8A1E196DC200C8A3B0 /* Products */ = {
			isa = PBXGroup;
			children = (
				6DF28D891E196DC200C8A3B0 /* Flaintartist.app */,
				6DF28D9D1E196DC300C8A3B0 /* FlaintartistTests.xctest */,
				6DF28DA81E196DC300C8A3B0 /* FlaintartistUITests.xctest */,
			);
			name = Products;
			sourceTree = "<group>";
		};
		6DF28D8B1E196DC200C8A3B0 /* Flaintartist */ = {
			isa = PBXGroup;
			children = (
				6D63BB1A1E20B03D00D9271E /* Flaintartist.entitlements */,
				6D9EA4081E19DC5A0080D182 /* Framework */,
				6DF28DC61E199C4500C8A3B0 /* Services */,
				6DF28DBC1E199AA800C8A3B0 /* Constant */,
				6DF28DC91E199CEB00C8A3B0 /* Model */,
				6D1C782C1E19E82C00E2041C /* Nib */,
				6D9EA41D1E19DE060080D182 /* 3D Scene */,
				6DF28DBF1E199B7200C8A3B0 /* Utils */,
				6D1E05711E3BCFFB007CCC5C /* View */,
				6DF28E151E199DEE00C8A3B0 /* Controller */,
				6DF28D8C1E196DC200C8A3B0 /* AppDelegate.swift */,
				6DF28D901E196DC300C8A3B0 /* Main.storyboard */,
				6DF28D931E196DC300C8A3B0 /* Assets.xcassets */,
				6DF28D951E196DC300C8A3B0 /* LaunchScreen.storyboard */,
				6DF28D981E196DC300C8A3B0 /* Info.plist */,
				6D1C783F1E19EC8C00E2041C /* GoogleService-Info.plist */,
			);
			path = Flaintartist;
			sourceTree = "<group>";
		};
		6DF28DA01E196DC300C8A3B0 /* FlaintartistTests */ = {
			isa = PBXGroup;
			children = (
				6DF28DA11E196DC300C8A3B0 /* FlaintartistTests.swift */,
				6DF28DA31E196DC300C8A3B0 /* Info.plist */,
			);
			path = FlaintartistTests;
			sourceTree = "<group>";
		};
		6DF28DAB1E196DC300C8A3B0 /* FlaintartistUITests */ = {
			isa = PBXGroup;
			children = (
				6DF28DAC1E196DC300C8A3B0 /* FlaintartistUITests.swift */,
				6DF28DAE1E196DC300C8A3B0 /* Info.plist */,
			);
			path = FlaintartistUITests;
			sourceTree = "<group>";
		};
		6DF28DBC1E199AA800C8A3B0 /* Constant */ = {
			isa = PBXGroup;
			children = (
				6DF28DBD1E199AC900C8A3B0 /* Constant.swift */,
			);
			name = Constant;
			sourceTree = "<group>";
		};
		6DF28DBF1E199B7200C8A3B0 /* Utils */ = {
			isa = PBXGroup;
			children = (
				6DF28DC01E199B8000C8A3B0 /* Camera.swift */,
				6DF28DC21E199BB100C8A3B0 /* Share.swift */,
				6DF28DC41E199BF900C8A3B0 /* Alerts.swift */,
				6DC81C1C1E2B04EF0021BBCF /* Protocol.swift */,
				6D0DBDFD1E36F92F00163299 /* Time.swift */,
				6D9C8C441E3A9ACB00824C93 /* Unused.swift */,
			);
			name = Utils;
			sourceTree = "<group>";
		};
		6DF28DC61E199C4500C8A3B0 /* Services */ = {
			isa = PBXGroup;
			children = (
				6DF28DC71E199C6400C8A3B0 /* DataService.swift */,
				6D9C8C911E3AF46A00824C93 /* AuthService.swift */,
			);
			name = Services;
			sourceTree = "<group>";
		};
		6DF28DC91E199CEB00C8A3B0 /* Model */ = {
			isa = PBXGroup;
			children = (
				6DF28DCA1E199D3300C8A3B0 /* Art.swift */,
				6DF28DCC1E199D4F00C8A3B0 /* User.swift */,
			);
			name = Model;
			sourceTree = "<group>";
		};
		6DF28E021E199DEE00C8A3B0 /* Settings */ = {
			isa = PBXGroup;
			children = (
				6D1C78221E19E6CF00E2041C /* SettingsVC.swift */,
				6D1C78241E19E70F00E2041C /* EditAccountVC.swift */,
				6D1C78261E19E73B00E2041C /* FeedbackVC.swift */,
				6DA5B1B41E2865BB005A11F5 /* RequestPhotoVC.swift */,
				6DA7BC3C1E709CA500DE61FB /* HistoryVC.swift */,
				6DA7BC3E1E709CF100DE61FB /* HistoryCell.swift */,
			);
			name = Settings;
			sourceTree = "<group>";
		};
		6DF28E031E199DEE00C8A3B0 /* Profile */ = {
			isa = PBXGroup;
			children = (
				6D9EA4261E19DF850080D182 /* GalleryVC.swift */,
				6D9EA4281E19DFE90080D182 /* ProfileVC.swift */,
				6DE213801E21E1860030A7BC /* WebVC.swift */,
			);
			name = Profile;
			sourceTree = "<group>";
		};
		6DF28E0C1E199DEE00C8A3B0 /* TabItem */ = {
			isa = PBXGroup;
			children = (
				6DA7BC2A1E6F969C00DE61FB /* News */,
				6D1C78471E19EEEA00E2041C /* TabBarVC.swift */,
				6D1C78491E1A03F200E2041C /* Capture */,
				6DF28E031E199DEE00C8A3B0 /* Profile */,
			);
			name = TabItem;
			sourceTree = "<group>";
		};
		6DF28E131E199DEE00C8A3B0 /* Register */ = {
			isa = PBXGroup;
			children = (
				6D1C78391E19EAE700E2041C /* LogInVC.swift */,
				6D1C783B1E19EB1000E2041C /* ResetPasswordVC.swift */,
				6D1C78411E19ED6300E2041C /* CreateAccountFirstVC.swift */,
				6D1C78431E19EDAA00E2041C /* CreateAccountSecondVC.swift */,
				6D8633CF1E8DD34B0025F626 /* CreateAccountVC.swift */,
			);
			name = Register;
			sourceTree = "<group>";
		};
		6DF28E151E199DEE00C8A3B0 /* Controller */ = {
			isa = PBXGroup;
			children = (
				6D4DE4A91E29C36000AFAAAA /* Report */,
				6D4DE4A71E29C32100AFAAAA /* Art */,
				6DF28E021E199DEE00C8A3B0 /* Settings */,
				6DF28E0C1E199DEE00C8A3B0 /* TabItem */,
				6DF28E131E199DEE00C8A3B0 /* Register */,
				6DB44A251E1F79010025BF1A /* PrivacyVC.swift */,
				6D4DE4AA1E29C39700AFAAAA /* EditArtVC.swift */,
			);
			name = Controller;
			path = ../../Medici/Medici;
			sourceTree = "<group>";
		};
		E8C4524ECCB19F3F8B32D9BB /* Frameworks */ = {
			isa = PBXGroup;
			children = (
				62D73A7833A90BAFFD1E9D0D /* Pods_Flaintartist.framework */,
				24443F8858A14D648040863F /* Pods_FlaintartistTests.framework */,
				1C7E5CA513FB08F5371E78CF /* Pods_FlaintartistUITests.framework */,
			);
			name = Frameworks;
			sourceTree = "<group>";
		};
/* End PBXGroup section */

/* Begin PBXNativeTarget section */
		6DF28D881E196DC200C8A3B0 /* Flaintartist */ = {
			isa = PBXNativeTarget;
			buildConfigurationList = 6DF28DB11E196DC300C8A3B0 /* Build configuration list for PBXNativeTarget "Flaintartist" */;
			buildPhases = (
				F2F0FDE365890863E4DD4B03 /* 📦 Check Pods Manifest.lock */,
				6DF28D851E196DC200C8A3B0 /* Sources */,
				6DF28D861E196DC200C8A3B0 /* Frameworks */,
				6DF28D871E196DC200C8A3B0 /* Resources */,
				3C3B47E7AE9C8138AE965586 /* 📦 Embed Pods Frameworks */,
				55FCE082A44AA3CF6A50B475 /* 📦 Copy Pods Resources */,
			);
			buildRules = (
			);
			dependencies = (
			);
			name = Flaintartist;
			productName = Flaintartist;
			productReference = 6DF28D891E196DC200C8A3B0 /* Flaintartist.app */;
			productType = "com.apple.product-type.application";
		};
		6DF28D9C1E196DC300C8A3B0 /* FlaintartistTests */ = {
			isa = PBXNativeTarget;
			buildConfigurationList = 6DF28DB41E196DC300C8A3B0 /* Build configuration list for PBXNativeTarget "FlaintartistTests" */;
			buildPhases = (
				6C65DCA68F977798DF8305D6 /* 📦 Check Pods Manifest.lock */,
				6DF28D991E196DC300C8A3B0 /* Sources */,
				6DF28D9A1E196DC300C8A3B0 /* Frameworks */,
				6DF28D9B1E196DC300C8A3B0 /* Resources */,
				C5AC70A3C5F0B77504058C43 /* 📦 Embed Pods Frameworks */,
				40316AC3D72919B383C47D08 /* 📦 Copy Pods Resources */,
			);
			buildRules = (
			);
			dependencies = (
				6DF28D9F1E196DC300C8A3B0 /* PBXTargetDependency */,
			);
			name = FlaintartistTests;
			productName = FlaintartistTests;
			productReference = 6DF28D9D1E196DC300C8A3B0 /* FlaintartistTests.xctest */;
			productType = "com.apple.product-type.bundle.unit-test";
		};
		6DF28DA71E196DC300C8A3B0 /* FlaintartistUITests */ = {
			isa = PBXNativeTarget;
			buildConfigurationList = 6DF28DB71E196DC300C8A3B0 /* Build configuration list for PBXNativeTarget "FlaintartistUITests" */;
			buildPhases = (
				D159F979B22C9DC9C3B4307F /* 📦 Check Pods Manifest.lock */,
				6DF28DA41E196DC300C8A3B0 /* Sources */,
				6DF28DA51E196DC300C8A3B0 /* Frameworks */,
				6DF28DA61E196DC300C8A3B0 /* Resources */,
				5FD69777664B1EB531E67341 /* 📦 Copy Pods Resources */,
			);
			buildRules = (
			);
			dependencies = (
				6DF28DAA1E196DC300C8A3B0 /* PBXTargetDependency */,
			);
			name = FlaintartistUITests;
			productName = FlaintartistUITests;
			productReference = 6DF28DA81E196DC300C8A3B0 /* FlaintartistUITests.xctest */;
			productType = "com.apple.product-type.bundle.ui-testing";
		};
/* End PBXNativeTarget section */

/* Begin PBXProject section */
		6DF28D811E196DC200C8A3B0 /* Project object */ = {
			isa = PBXProject;
			attributes = {
				LastSwiftUpdateCheck = 0820;
				LastUpgradeCheck = 0820;
				ORGANIZATIONNAME = "Kerby Jean";
				TargetAttributes = {
					6DF28D881E196DC200C8A3B0 = {
						CreatedOnToolsVersion = 8.2.1;
						DevelopmentTeam = GF728A45JE;
						LastSwiftMigration = 0820;
						ProvisioningStyle = Automatic;
						SystemCapabilities = {
							com.apple.Push = {
								enabled = 1;
							};
						};
					};
					6DF28D9C1E196DC300C8A3B0 = {
						CreatedOnToolsVersion = 8.2.1;
						DevelopmentTeam = GF728A45JE;
						LastSwiftMigration = 0820;
						ProvisioningStyle = Automatic;
						TestTargetID = 6DF28D881E196DC200C8A3B0;
					};
					6DF28DA71E196DC300C8A3B0 = {
						CreatedOnToolsVersion = 8.2.1;
						DevelopmentTeam = GF728A45JE;
						LastSwiftMigration = 0820;
						ProvisioningStyle = Automatic;
						TestTargetID = 6DF28D881E196DC200C8A3B0;
					};
				};
			};
			buildConfigurationList = 6DF28D841E196DC200C8A3B0 /* Build configuration list for PBXProject "Flaintartist" */;
			compatibilityVersion = "Xcode 3.2";
			developmentRegion = English;
			hasScannedForEncodings = 0;
			knownRegions = (
				en,
				Base,
			);
			mainGroup = 6DF28D801E196DC200C8A3B0;
			productRefGroup = 6DF28D8A1E196DC200C8A3B0 /* Products */;
			projectDirPath = "";
			projectRoot = "";
			targets = (
				6DF28D881E196DC200C8A3B0 /* Flaintartist */,
				6DF28D9C1E196DC300C8A3B0 /* FlaintartistTests */,
				6DF28DA71E196DC300C8A3B0 /* FlaintartistUITests */,
			);
		};
/* End PBXProject section */

/* Begin PBXResourcesBuildPhase section */
		6DF28D871E196DC200C8A3B0 /* Resources */ = {
			isa = PBXResourcesBuildPhase;
			buildActionMask = 2147483647;
			files = (
				6D08A5171E40F26D000468FA /* EditArtDetails.xib in Resources */,
				6DC81C211E2BB86C0021BBCF /* ArtView.xib in Resources */,
				6D1C78321E19E88200E2041C /* Details.xib in Resources */,
				6D1C782E1E19E83B00E2041C /* Size.xib in Resources */,
				6DF28D971E196DC300C8A3B0 /* LaunchScreen.storyboard in Resources */,
				6D4461C91E302333003EE5BA /* SimilarCell.xib in Resources */,
				6DC81C251E2BC4860021BBCF /* ArtistView.xib in Resources */,
				6DF28D941E196DC300C8A3B0 /* Assets.xcassets in Resources */,
				6DF28D921E196DC300C8A3B0 /* Main.storyboard in Resources */,
				6D1C78301E19E86C00E2041C /* Types.xib in Resources */,
				6D1C78361E19E8D200E2041C /* HeaderView.xib in Resources */,
				6DC81C271E2BCF1D0021BBCF /* ArtistViewCell.xib in Resources */,
				6DC81C231E2BB9F70021BBCF /* ArtViewCell.xib in Resources */,
				6D1C78401E19EC8C00E2041C /* GoogleService-Info.plist in Resources */,
				6D6CC4881E84A8B800CC18F5 /* SimilarView.xib in Resources */,
			);
			runOnlyForDeploymentPostprocessing = 0;
		};
		6DF28D9B1E196DC300C8A3B0 /* Resources */ = {
			isa = PBXResourcesBuildPhase;
			buildActionMask = 2147483647;
			files = (
			);
			runOnlyForDeploymentPostprocessing = 0;
		};
		6DF28DA61E196DC300C8A3B0 /* Resources */ = {
			isa = PBXResourcesBuildPhase;
			buildActionMask = 2147483647;
			files = (
			);
			runOnlyForDeploymentPostprocessing = 0;
		};
/* End PBXResourcesBuildPhase section */

/* Begin PBXShellScriptBuildPhase section */
		3C3B47E7AE9C8138AE965586 /* 📦 Embed Pods Frameworks */ = {
			isa = PBXShellScriptBuildPhase;
			buildActionMask = 2147483647;
			files = (
			);
			inputPaths = (
			);
			name = "📦 Embed Pods Frameworks";
			outputPaths = (
			);
			runOnlyForDeploymentPostprocessing = 0;
			shellPath = /bin/sh;
			shellScript = "\"${SRCROOT}/Pods/Target Support Files/Pods-Flaintartist/Pods-Flaintartist-frameworks.sh\"\n";
			showEnvVarsInLog = 0;
		};
		40316AC3D72919B383C47D08 /* 📦 Copy Pods Resources */ = {
			isa = PBXShellScriptBuildPhase;
			buildActionMask = 2147483647;
			files = (
			);
			inputPaths = (
			);
			name = "📦 Copy Pods Resources";
			outputPaths = (
			);
			runOnlyForDeploymentPostprocessing = 0;
			shellPath = /bin/sh;
			shellScript = "\"${SRCROOT}/Pods/Target Support Files/Pods-FlaintartistTests/Pods-FlaintartistTests-resources.sh\"\n";
			showEnvVarsInLog = 0;
		};
		55FCE082A44AA3CF6A50B475 /* 📦 Copy Pods Resources */ = {
			isa = PBXShellScriptBuildPhase;
			buildActionMask = 2147483647;
			files = (
			);
			inputPaths = (
			);
			name = "📦 Copy Pods Resources";
			outputPaths = (
			);
			runOnlyForDeploymentPostprocessing = 0;
			shellPath = /bin/sh;
			shellScript = "\"${SRCROOT}/Pods/Target Support Files/Pods-Flaintartist/Pods-Flaintartist-resources.sh\"\n";
			showEnvVarsInLog = 0;
		};
		5FD69777664B1EB531E67341 /* 📦 Copy Pods Resources */ = {
			isa = PBXShellScriptBuildPhase;
			buildActionMask = 2147483647;
			files = (
			);
			inputPaths = (
			);
			name = "📦 Copy Pods Resources";
			outputPaths = (
			);
			runOnlyForDeploymentPostprocessing = 0;
			shellPath = /bin/sh;
			shellScript = "\"${SRCROOT}/Pods/Target Support Files/Pods-FlaintartistUITests/Pods-FlaintartistUITests-resources.sh\"\n";
			showEnvVarsInLog = 0;
		};
		6C65DCA68F977798DF8305D6 /* 📦 Check Pods Manifest.lock */ = {
			isa = PBXShellScriptBuildPhase;
			buildActionMask = 2147483647;
			files = (
			);
			inputPaths = (
			);
			name = "📦 Check Pods Manifest.lock";
			outputPaths = (
			);
			runOnlyForDeploymentPostprocessing = 0;
			shellPath = /bin/sh;
			shellScript = "diff \"${PODS_ROOT}/../Podfile.lock\" \"${PODS_ROOT}/Manifest.lock\" > /dev/null\nif [[ $? != 0 ]] ; then\n    cat << EOM\nerror: The sandbox is not in sync with the Podfile.lock. Run 'pod install' or update your CocoaPods installation.\nEOM\n    exit 1\nfi\n";
			showEnvVarsInLog = 0;
		};
		C5AC70A3C5F0B77504058C43 /* 📦 Embed Pods Frameworks */ = {
			isa = PBXShellScriptBuildPhase;
			buildActionMask = 2147483647;
			files = (
			);
			inputPaths = (
			);
			name = "📦 Embed Pods Frameworks";
			outputPaths = (
			);
			runOnlyForDeploymentPostprocessing = 0;
			shellPath = /bin/sh;
			shellScript = "\"${SRCROOT}/Pods/Target Support Files/Pods-FlaintartistTests/Pods-FlaintartistTests-frameworks.sh\"\n";
			showEnvVarsInLog = 0;
		};
		D159F979B22C9DC9C3B4307F /* 📦 Check Pods Manifest.lock */ = {
			isa = PBXShellScriptBuildPhase;
			buildActionMask = 2147483647;
			files = (
			);
			inputPaths = (
			);
			name = "📦 Check Pods Manifest.lock";
			outputPaths = (
			);
			runOnlyForDeploymentPostprocessing = 0;
			shellPath = /bin/sh;
			shellScript = "diff \"${PODS_ROOT}/../Podfile.lock\" \"${PODS_ROOT}/Manifest.lock\" > /dev/null\nif [[ $? != 0 ]] ; then\n    cat << EOM\nerror: The sandbox is not in sync with the Podfile.lock. Run 'pod install' or update your CocoaPods installation.\nEOM\n    exit 1\nfi\n";
			showEnvVarsInLog = 0;
		};
		F2F0FDE365890863E4DD4B03 /* 📦 Check Pods Manifest.lock */ = {
			isa = PBXShellScriptBuildPhase;
			buildActionMask = 2147483647;
			files = (
			);
			inputPaths = (
			);
			name = "📦 Check Pods Manifest.lock";
			outputPaths = (
			);
			runOnlyForDeploymentPostprocessing = 0;
			shellPath = /bin/sh;
			shellScript = "diff \"${PODS_ROOT}/../Podfile.lock\" \"${PODS_ROOT}/Manifest.lock\" > /dev/null\nif [[ $? != 0 ]] ; then\n    cat << EOM\nerror: The sandbox is not in sync with the Podfile.lock. Run 'pod install' or update your CocoaPods installation.\nEOM\n    exit 1\nfi\n";
			showEnvVarsInLog = 0;
		};
/* End PBXShellScriptBuildPhase section */

/* Begin PBXSourcesBuildPhase section */
		6DF28D851E196DC200C8A3B0 /* Sources */ = {
			isa = PBXSourcesBuildPhase;
			buildActionMask = 2147483647;
			files = (
				6DC81C1B1E2ABE390021BBCF /* SearchCell.swift in Sources */,
				6D8F01461E26A5D100651664 /* ProfileArtTabCell.swift in Sources */,
				6DE213811E21E1860030A7BC /* WebVC.swift in Sources */,
				6D1C783C1E19EB1000E2041C /* ResetPasswordVC.swift in Sources */,
				6DC81C2B1E2BD0FE0021BBCF /* ArtViewCell.swift in Sources */,
				6D1C78271E19E73B00E2041C /* FeedbackVC.swift in Sources */,
				6D1C784D1E1A047800E2041C /* CaptureVC.swift in Sources */,
				6DC81C161E2AA4AA0021BBCF /* SearchControllerVC.swift in Sources */,
				6DA7BC141E6DFDCA00DE61FB /* GFBase32Utils.m in Sources */,
				6D1C783E1E19EC0900E2041C /* TextFieldRect.swift in Sources */,
				6DA7BC351E6F97A400DE61FB /* SearchArtsVC.swift in Sources */,
				6DF28DC31E199BB100C8A3B0 /* Share.swift in Sources */,
				6DA7BC131E6DFDCA00DE61FB /* GeoFire.m in Sources */,
				6D8633D01E8DD34B0025F626 /* CreateAccountVC.swift in Sources */,
				6D8F01441E269E9800651664 /* ProfileArtCell.swift in Sources */,
				6D4461CB1E30266E003EE5BA /* SimilarCell.swift in Sources */,
				6D1C784F1E1A04BC00E2041C /* CaptureDetailsVC.swift in Sources */,
				6D1C781F1E19E66800E2041C /* ParentView.swift in Sources */,
				6DA7BC3D1E709CA500DE61FB /* HistoryVC.swift in Sources */,
				6D9EA42D1E19E1230080D182 /* RoundedBtn.swift in Sources */,
				6D9EA42B1E19E0490080D182 /* BorderImage.swift in Sources */,
				6D1C783A1E19EAE700E2041C /* LogInVC.swift in Sources */,
				6DF28DCB1E199D3300C8A3B0 /* Art.swift in Sources */,
				6D0DBDFE1E36F92F00163299 /* Time.swift in Sources */,
				6D1C784B1E1A041600E2041C /* SendToCaptureVC.swift in Sources */,
				6DF28DC11E199B8000C8A3B0 /* Camera.swift in Sources */,
				6DF28D8D1E196DC200C8A3B0 /* AppDelegate.swift in Sources */,
				6DB44A261E1F79010025BF1A /* PrivacyVC.swift in Sources */,
				6DA7BC3F1E709CF100DE61FB /* HistoryCell.swift in Sources */,
				6D9EA40D1E19DC7B0080D182 /* SwipeView.m in Sources */,
				6DA7BC201E6F91E300DE61FB /* CAPSPageMenu.swift in Sources */,
				6D1C78441E19EDAA00E2041C /* CreateAccountSecondVC.swift in Sources */,
				6D1E05651E3BCECB007CCC5C /* NewArtistTabCell.swift in Sources */,
				6D9EA42F1E19E13E0080D182 /* BorderTopBtn.swift in Sources */,
				6D33DEB41E1F2C7300CC4618 /* ReportVC.swift in Sources */,
				6DA7BC151E6DFDCA00DE61FB /* GFGeoHash.m in Sources */,
				6DA7BC161E6DFDCA00DE61FB /* GFGeoHashQuery.m in Sources */,
				6D1E05631E3BCE64007CCC5C /* EditProfileCell.swift in Sources */,
				6D1C78381E19E90900E2041C /* AllVC.swift in Sources */,
				6D4461CD1E30305F003EE5BA /* SimilarScene.swift in Sources */,
				6D1C782B1E19E7F900E2041C /* NewsVC.swift in Sources */,
				6DB5F9741E4E5C2300A66459 /* Other.swift in Sources */,
				6D9EA4291E19DFE90080D182 /* ProfileVC.swift in Sources */,
				6D1C78151E19E54A00E2041C /* AllCell.swift in Sources */,
				6DA7BC391E6F97D000DE61FB /* SearchArtistsVC.swift in Sources */,
				6D1C78231E19E6CF00E2041C /* SettingsVC.swift in Sources */,
				6DC81C1F1E2B21510021BBCF /* SearchNav.swift in Sources */,
				6D1C78341E19E8B500E2041C /* HeaderView.swift in Sources */,
				6D1E05671E3BCEEA007CCC5C /* NewArtistCell.swift in Sources */,
				6D28D5A21E327DB6000E30A5 /* UploadPhotoCell.swift in Sources */,
				6D46303F1E318DC800EEB3D8 /* RoundImage.swift in Sources */,
				6DC81C1D1E2B04EF0021BBCF /* Protocol.swift in Sources */,
				6DA5B1B51E2865BB005A11F5 /* RequestPhotoVC.swift in Sources */,
				6D9EA4171E19DCEC0080D182 /* IPDFCameraViewController.m in Sources */,
				6D0E62321E981A5C007327A8 /* CaptureViewExt.swift in Sources */,
				6D1C78081E19E46600E2041C /* SettingsCell.swift in Sources */,
				6D08A5151E405A69000468FA /* EditArtDetails.swift in Sources */,
				6D1C78481E19EEEA00E2041C /* TabBarVC.swift in Sources */,
				6D9EA4231E19DE780080D182 /* DetailsScene.swift in Sources */,
				6D9EA4271E19DF850080D182 /* GalleryVC.swift in Sources */,
				6D9EA41C1E19DDB00080D182 /* ArtRoomVC.swift in Sources */,
				6D9EA41F1E19DE2D0080D182 /* ArtRoomScene.swift in Sources */,
				6DA7BC321E6F975300DE61FB /* HeaderCollectionReusableView.swift in Sources */,
				6D4E473A1E24075A00970CE3 /* Mailgun.m in Sources */,
				6D4DE4AB1E29C39700AFAAAA /* EditArtVC.swift in Sources */,
				6D9EA4211E19DE540080D182 /* WallViewScene.swift in Sources */,
				6D4609B01E1F505F00FC75C3 /* MGMessage.m in Sources */,
				6DC81C2D1E2BD2F70021BBCF /* ArtistViewCell.swift in Sources */,
				6D6CC48A1E84A95A00CC18F5 /* SimilarView.swift in Sources */,
				6DA7BC3B1E6F98A500DE61FB /* SearchArtsCell.swift in Sources */,
				6D4609B21E1F5FAC00FC75C3 /* ReportNav.swift in Sources */,
				6DF28DC51E199BF900C8A3B0 /* Alerts.swift in Sources */,
				6D9EA4251E19DF150080D182 /* WallViewVC.swift in Sources */,
				6DA7BC171E6DFDCA00DE61FB /* GFQuery.m in Sources */,
				6D1C78421E19ED6300E2041C /* CreateAccountFirstVC.swift in Sources */,
				6D9C8C921E3AF46A00824C93 /* AuthService.swift in Sources */,
				6D4461C21E2DC21F003EE5BA /* SizeView.swift in Sources */,
				6DA7BC371E6F97AE00DE61FB /* PageMenuVC.swift in Sources */,
				6D1C78211E19E69E00E2041C /* ValidateEmailExt.swift in Sources */,
				6DF28DBE1E199AC900C8A3B0 /* Constant.swift in Sources */,
				6DF28DCD1E199D4F00C8A3B0 /* User.swift in Sources */,
				6D1C780B1E19E49C00E2041C /* NewsCell.swift in Sources */,
				6D0E62301E9044AB007327A8 /* ShadowImage.swift in Sources */,
				6D9C8C451E3A9ACB00824C93 /* Unused.swift in Sources */,
				6D1C78251E19E70F00E2041C /* EditAccountVC.swift in Sources */,
				6D28D5A01E327C9C000E30A5 /* UploadPhotoVC.swift in Sources */,
				6DF28DC81E199C6400C8A3B0 /* DataService.swift in Sources */,
			);
			runOnlyForDeploymentPostprocessing = 0;
		};
		6DF28D991E196DC300C8A3B0 /* Sources */ = {
			isa = PBXSourcesBuildPhase;
			buildActionMask = 2147483647;
			files = (
				6DF28DA21E196DC300C8A3B0 /* FlaintartistTests.swift in Sources */,
			);
			runOnlyForDeploymentPostprocessing = 0;
		};
		6DF28DA41E196DC300C8A3B0 /* Sources */ = {
			isa = PBXSourcesBuildPhase;
			buildActionMask = 2147483647;
			files = (
				6DF28DAD1E196DC300C8A3B0 /* FlaintartistUITests.swift in Sources */,
			);
			runOnlyForDeploymentPostprocessing = 0;
		};
/* End PBXSourcesBuildPhase section */

/* Begin PBXTargetDependency section */
		6DF28D9F1E196DC300C8A3B0 /* PBXTargetDependency */ = {
			isa = PBXTargetDependency;
			target = 6DF28D881E196DC200C8A3B0 /* Flaintartist */;
			targetProxy = 6DF28D9E1E196DC300C8A3B0 /* PBXContainerItemProxy */;
		};
		6DF28DAA1E196DC300C8A3B0 /* PBXTargetDependency */ = {
			isa = PBXTargetDependency;
			target = 6DF28D881E196DC200C8A3B0 /* Flaintartist */;
			targetProxy = 6DF28DA91E196DC300C8A3B0 /* PBXContainerItemProxy */;
		};
/* End PBXTargetDependency section */

/* Begin PBXVariantGroup section */
		6DF28D901E196DC300C8A3B0 /* Main.storyboard */ = {
			isa = PBXVariantGroup;
			children = (
				6DF28D911E196DC300C8A3B0 /* Base */,
			);
			name = Main.storyboard;
			sourceTree = "<group>";
		};
		6DF28D951E196DC300C8A3B0 /* LaunchScreen.storyboard */ = {
			isa = PBXVariantGroup;
			children = (
				6DF28D961E196DC300C8A3B0 /* Base */,
			);
			name = LaunchScreen.storyboard;
			sourceTree = "<group>";
		};
/* End PBXVariantGroup section */

/* Begin XCBuildConfiguration section */
		6DF28DAF1E196DC300C8A3B0 /* Debug */ = {
			isa = XCBuildConfiguration;
			buildSettings = {
				ALWAYS_SEARCH_USER_PATHS = NO;
				CLANG_ANALYZER_NONNULL = YES;
				CLANG_CXX_LANGUAGE_STANDARD = "gnu++0x";
				CLANG_CXX_LIBRARY = "libc++";
				CLANG_ENABLE_MODULES = YES;
				CLANG_ENABLE_OBJC_ARC = YES;
				CLANG_WARN_BOOL_CONVERSION = YES;
				CLANG_WARN_CONSTANT_CONVERSION = YES;
				CLANG_WARN_DIRECT_OBJC_ISA_USAGE = YES_ERROR;
				CLANG_WARN_DOCUMENTATION_COMMENTS = YES;
				CLANG_WARN_EMPTY_BODY = YES;
				CLANG_WARN_ENUM_CONVERSION = YES;
				CLANG_WARN_INFINITE_RECURSION = YES;
				CLANG_WARN_INT_CONVERSION = YES;
				CLANG_WARN_OBJC_ROOT_CLASS = YES_ERROR;
				CLANG_WARN_SUSPICIOUS_MOVE = YES;
				CLANG_WARN_UNREACHABLE_CODE = YES;
				CLANG_WARN__DUPLICATE_METHOD_MATCH = YES;
				"CODE_SIGN_IDENTITY[sdk=iphoneos*]" = "iPhone Developer";
				COPY_PHASE_STRIP = NO;
				DEBUG_INFORMATION_FORMAT = dwarf;
				ENABLE_STRICT_OBJC_MSGSEND = YES;
				ENABLE_TESTABILITY = YES;
				GCC_C_LANGUAGE_STANDARD = gnu99;
				GCC_DYNAMIC_NO_PIC = NO;
				GCC_NO_COMMON_BLOCKS = YES;
				GCC_OPTIMIZATION_LEVEL = 0;
				GCC_PREPROCESSOR_DEFINITIONS = (
					"DEBUG=1",
					"$(inherited)",
				);
				GCC_WARN_64_TO_32_BIT_CONVERSION = YES;
				GCC_WARN_ABOUT_RETURN_TYPE = YES_ERROR;
				GCC_WARN_UNDECLARED_SELECTOR = YES;
				GCC_WARN_UNINITIALIZED_AUTOS = YES_AGGRESSIVE;
				GCC_WARN_UNUSED_FUNCTION = YES;
				GCC_WARN_UNUSED_VARIABLE = YES;
				IPHONEOS_DEPLOYMENT_TARGET = 10.2;
				MTL_ENABLE_DEBUG_INFO = YES;
				ONLY_ACTIVE_ARCH = YES;
				SDKROOT = iphoneos;
				SWIFT_ACTIVE_COMPILATION_CONDITIONS = DEBUG;
				SWIFT_OPTIMIZATION_LEVEL = "-Onone";
				SWIFT_TREAT_WARNINGS_AS_ERRORS = NO;
			};
			name = Debug;
		};
		6DF28DB01E196DC300C8A3B0 /* Release */ = {
			isa = XCBuildConfiguration;
			buildSettings = {
				ALWAYS_SEARCH_USER_PATHS = NO;
				CLANG_ANALYZER_NONNULL = YES;
				CLANG_CXX_LANGUAGE_STANDARD = "gnu++0x";
				CLANG_CXX_LIBRARY = "libc++";
				CLANG_ENABLE_MODULES = YES;
				CLANG_ENABLE_OBJC_ARC = YES;
				CLANG_WARN_BOOL_CONVERSION = YES;
				CLANG_WARN_CONSTANT_CONVERSION = YES;
				CLANG_WARN_DIRECT_OBJC_ISA_USAGE = YES_ERROR;
				CLANG_WARN_DOCUMENTATION_COMMENTS = YES;
				CLANG_WARN_EMPTY_BODY = YES;
				CLANG_WARN_ENUM_CONVERSION = YES;
				CLANG_WARN_INFINITE_RECURSION = YES;
				CLANG_WARN_INT_CONVERSION = YES;
				CLANG_WARN_OBJC_ROOT_CLASS = YES_ERROR;
				CLANG_WARN_SUSPICIOUS_MOVE = YES;
				CLANG_WARN_UNREACHABLE_CODE = YES;
				CLANG_WARN__DUPLICATE_METHOD_MATCH = YES;
				"CODE_SIGN_IDENTITY[sdk=iphoneos*]" = "iPhone Developer";
				COPY_PHASE_STRIP = NO;
				DEBUG_INFORMATION_FORMAT = "dwarf-with-dsym";
				ENABLE_NS_ASSERTIONS = NO;
				ENABLE_STRICT_OBJC_MSGSEND = YES;
				GCC_C_LANGUAGE_STANDARD = gnu99;
				GCC_NO_COMMON_BLOCKS = YES;
				GCC_WARN_64_TO_32_BIT_CONVERSION = YES;
				GCC_WARN_ABOUT_RETURN_TYPE = YES_ERROR;
				GCC_WARN_UNDECLARED_SELECTOR = YES;
				GCC_WARN_UNINITIALIZED_AUTOS = YES_AGGRESSIVE;
				GCC_WARN_UNUSED_FUNCTION = YES;
				GCC_WARN_UNUSED_VARIABLE = YES;
				IPHONEOS_DEPLOYMENT_TARGET = 10.2;
				MTL_ENABLE_DEBUG_INFO = NO;
				SDKROOT = iphoneos;
				SWIFT_OPTIMIZATION_LEVEL = "-Owholemodule";
				SWIFT_TREAT_WARNINGS_AS_ERRORS = NO;
				VALIDATE_PRODUCT = YES;
			};
			name = Release;
		};
		6DF28DB21E196DC300C8A3B0 /* Debug */ = {
			isa = XCBuildConfiguration;
			baseConfigurationReference = 4A26F9D813BC835523BE55D1 /* Pods-Flaintartist.debug.xcconfig */;
			buildSettings = {
				ALWAYS_EMBED_SWIFT_STANDARD_LIBRARIES = YES;
				ASSETCATALOG_COMPILER_APPICON_NAME = AppIcon;
				CLANG_ENABLE_MODULES = YES;
				CODE_SIGN_ENTITLEMENTS = Flaintartist/Flaintartist.entitlements;
				DEVELOPMENT_TEAM = GF728A45JE;
				FRAMEWORK_SEARCH_PATHS = (
					"$(inherited)",
					"$(PROJECT_DIR)/Flaintartist",
				);
				INFOPLIST_FILE = Flaintartist/Info.plist;
				IPHONEOS_DEPLOYMENT_TARGET = 9.0;
				LD_RUNPATH_SEARCH_PATHS = "$(inherited) @executable_path/Frameworks";
				PRODUCT_BUNDLE_IDENTIFIER = com.Kurbs.Flaintartist;
				PRODUCT_NAME = "$(TARGET_NAME)";
				SWIFT_OBJC_BRIDGING_HEADER = "Flaintartist/Flaintartist-Bridging-Header.h";
				SWIFT_OPTIMIZATION_LEVEL = "-Onone";
				SWIFT_VERSION = 3.0;
			};
			name = Debug;
		};
		6DF28DB31E196DC300C8A3B0 /* Release */ = {
			isa = XCBuildConfiguration;
			baseConfigurationReference = 15CF129F9D21BE5922472E7A /* Pods-Flaintartist.release.xcconfig */;
			buildSettings = {
				ALWAYS_EMBED_SWIFT_STANDARD_LIBRARIES = YES;
				ASSETCATALOG_COMPILER_APPICON_NAME = AppIcon;
				CLANG_ENABLE_MODULES = YES;
				CODE_SIGN_ENTITLEMENTS = Flaintartist/Flaintartist.entitlements;
				DEVELOPMENT_TEAM = GF728A45JE;
				FRAMEWORK_SEARCH_PATHS = (
					"$(inherited)",
					"$(PROJECT_DIR)/Flaintartist",
				);
				INFOPLIST_FILE = Flaintartist/Info.plist;
				IPHONEOS_DEPLOYMENT_TARGET = 9.0;
				LD_RUNPATH_SEARCH_PATHS = "$(inherited) @executable_path/Frameworks";
				PRODUCT_BUNDLE_IDENTIFIER = com.Kurbs.Flaintartist;
				PRODUCT_NAME = "$(TARGET_NAME)";
				SWIFT_OBJC_BRIDGING_HEADER = "Flaintartist/Flaintartist-Bridging-Header.h";
				SWIFT_VERSION = 3.0;
			};
			name = Release;
		};
		6DF28DB51E196DC300C8A3B0 /* Debug */ = {
			isa = XCBuildConfiguration;
			baseConfigurationReference = 9D75A3219F4FA996FC3A0417 /* Pods-FlaintartistTests.debug.xcconfig */;
			buildSettings = {
				ALWAYS_EMBED_SWIFT_STANDARD_LIBRARIES = YES;
				BUNDLE_LOADER = "$(TEST_HOST)";
				DEVELOPMENT_TEAM = GF728A45JE;
				INFOPLIST_FILE = FlaintartistTests/Info.plist;
				LD_RUNPATH_SEARCH_PATHS = "$(inherited) @executable_path/Frameworks @loader_path/Frameworks";
				PRODUCT_BUNDLE_IDENTIFIER = com.Kurbs.FlaintartistTests;
				PRODUCT_NAME = "$(TARGET_NAME)";
				SWIFT_VERSION = 3.0;
				TEST_HOST = "$(BUILT_PRODUCTS_DIR)/Flaintartist.app/Flaintartist";
			};
			name = Debug;
		};
		6DF28DB61E196DC300C8A3B0 /* Release */ = {
			isa = XCBuildConfiguration;
			baseConfigurationReference = 70C4C6928DC945CFA85200F3 /* Pods-FlaintartistTests.release.xcconfig */;
			buildSettings = {
				ALWAYS_EMBED_SWIFT_STANDARD_LIBRARIES = YES;
				BUNDLE_LOADER = "$(TEST_HOST)";
				DEVELOPMENT_TEAM = GF728A45JE;
				INFOPLIST_FILE = FlaintartistTests/Info.plist;
				LD_RUNPATH_SEARCH_PATHS = "$(inherited) @executable_path/Frameworks @loader_path/Frameworks";
				PRODUCT_BUNDLE_IDENTIFIER = com.Kurbs.FlaintartistTests;
				PRODUCT_NAME = "$(TARGET_NAME)";
				SWIFT_VERSION = 3.0;
				TEST_HOST = "$(BUILT_PRODUCTS_DIR)/Flaintartist.app/Flaintartist";
			};
			name = Release;
		};
		6DF28DB81E196DC300C8A3B0 /* Debug */ = {
			isa = XCBuildConfiguration;
			baseConfigurationReference = 1F88F037FFF9ABADA5F177D7 /* Pods-FlaintartistUITests.debug.xcconfig */;
			buildSettings = {
				ALWAYS_EMBED_SWIFT_STANDARD_LIBRARIES = YES;
				DEVELOPMENT_TEAM = GF728A45JE;
				INFOPLIST_FILE = FlaintartistUITests/Info.plist;
				LD_RUNPATH_SEARCH_PATHS = "$(inherited) @executable_path/Frameworks @loader_path/Frameworks";
				PRODUCT_BUNDLE_IDENTIFIER = com.Kurbs.FlaintartistUITests;
				PRODUCT_NAME = "$(TARGET_NAME)";
				SWIFT_VERSION = 3.0;
				TEST_TARGET_NAME = Flaintartist;
			};
			name = Debug;
		};
		6DF28DB91E196DC300C8A3B0 /* Release */ = {
			isa = XCBuildConfiguration;
			baseConfigurationReference = 399C37CDB4AFE7DB2CD025E7 /* Pods-FlaintartistUITests.release.xcconfig */;
			buildSettings = {
				ALWAYS_EMBED_SWIFT_STANDARD_LIBRARIES = YES;
				DEVELOPMENT_TEAM = GF728A45JE;
				INFOPLIST_FILE = FlaintartistUITests/Info.plist;
				LD_RUNPATH_SEARCH_PATHS = "$(inherited) @executable_path/Frameworks @loader_path/Frameworks";
				PRODUCT_BUNDLE_IDENTIFIER = com.Kurbs.FlaintartistUITests;
				PRODUCT_NAME = "$(TARGET_NAME)";
				SWIFT_VERSION = 3.0;
				TEST_TARGET_NAME = Flaintartist;
			};
			name = Release;
		};
/* End XCBuildConfiguration section */

/* Begin XCConfigurationList section */
		6DF28D841E196DC200C8A3B0 /* Build configuration list for PBXProject "Flaintartist" */ = {
			isa = XCConfigurationList;
			buildConfigurations = (
				6DF28DAF1E196DC300C8A3B0 /* Debug */,
				6DF28DB01E196DC300C8A3B0 /* Release */,
			);
			defaultConfigurationIsVisible = 0;
			defaultConfigurationName = Release;
		};
		6DF28DB11E196DC300C8A3B0 /* Build configuration list for PBXNativeTarget "Flaintartist" */ = {
			isa = XCConfigurationList;
			buildConfigurations = (
				6DF28DB21E196DC300C8A3B0 /* Debug */,
				6DF28DB31E196DC300C8A3B0 /* Release */,
			);
			defaultConfigurationIsVisible = 0;
			defaultConfigurationName = Release;
		};
		6DF28DB41E196DC300C8A3B0 /* Build configuration list for PBXNativeTarget "FlaintartistTests" */ = {
			isa = XCConfigurationList;
			buildConfigurations = (
				6DF28DB51E196DC300C8A3B0 /* Debug */,
				6DF28DB61E196DC300C8A3B0 /* Release */,
			);
			defaultConfigurationIsVisible = 0;
			defaultConfigurationName = Release;
		};
		6DF28DB71E196DC300C8A3B0 /* Build configuration list for PBXNativeTarget "FlaintartistUITests" */ = {
			isa = XCConfigurationList;
			buildConfigurations = (
				6DF28DB81E196DC300C8A3B0 /* Debug */,
				6DF28DB91E196DC300C8A3B0 /* Release */,
			);
			defaultConfigurationIsVisible = 0;
			defaultConfigurationName = Release;
		};
/* End XCConfigurationList section */
	};
	rootObject = 6DF28D811E196DC200C8A3B0 /* Project object */;
}
